
Microsoft Visual Studio Solution File, Format Version 11.00
# Visual Studio 2010
Project("{2150E333-8FDC-42A3-9474-1A3956D46DE8}") = "Netrix", "Netrix", "{00D0CD46-7945-4E72-86BB-1B49197A68B3}"
EndProject
Project("{2150E333-8FDC-42A3-9474-1A3956D46DE8}") = "Plugins", "Plugins", "{D3701F49-5C3C-46BF-8484-3A46D547A564}"
EndProject
Project("{8BC9CEB8-8B4A-11D0-8D11-00A0C91BC942}") = "ResourceLibrary", "..\Netrix2.0\Glyphs\ResourceLibrary2010.vcxproj", "{4485FB2D-3AE5-4F7E-A1CB-A334B2EC9D16}"
EndProject
Project("{FAE04EC0-301F-11D3-BF4B-00C04F79EFBC}") = "NetrixHtmlEditorDemo", "NetrixHtmlEditorDemo\NetrixHtmlEditorDemo.csproj", "{6BDC113C-FC8A-4AEE-A94B-7C5DD23756F8}"
EndProject
Project("{2150E333-8FDC-42A3-9474-1A3956D46DE8}") = "Libraries", "Libraries", "{A4D3E16B-F831-42F1-8E66-938FE96220DA}"
EndProject
Project("{54435603-DBB4-11D2-8724-00A0C9A8B90C}") = "NetrixDemoSetup", "NetrixDemoSetup\NetrixDemoSetup.vdproj", "{9B72A006-D6B9-48AF-8EFA-FA78C57BEC57}"
EndProject
Project("{FAE04EC0-301F-11D3-BF4B-00C04F79EFBC}") = "Core2010.v35.ForDemo", "..\Netrix2.0\Core\Core2010.v35.ForDemo.csproj", "{BFFD7795-5295-428C-8C15-DAF8028DA532}"
EndProject
Project("{FAE04EC0-301F-11D3-BF4B-00C04F79EFBC}") = "NetRix2010.v35.ForDemo", "..\Netrix2.0\NetRixMain\NetRix2010.v35.ForDemo.csproj", "{0D20B7BC-3B10-4849-8CE2-AEB260D6A352}"
EndProject
Project("{FAE04EC0-301F-11D3-BF4B-00C04F79EFBC}") = "NetRixUI2010.v35.ForDemo", "..\Netrix2.0\NetRixUI\NetRixUI2010.v35.ForDemo.csproj", "{A66482E3-DB0F-4F53-884E-B538595DFBD8}"
EndProject
Project("{FAE04EC0-301F-11D3-BF4B-00C04F79EFBC}") = "HelpLine2010.v35.ForDemo", "..\Netrix2.0\PlugIns\HelpLine\HelpLine2010.v35.ForDemo.csproj", "{E53F5EC3-5464-4CD7-BE38-67E79C09B470}"
EndProject
Project("{FAE04EC0-301F-11D3-BF4B-00C04F79EFBC}") = "HtmlFormatter2010.v35.ForDemo", "..\Netrix2.0\PlugIns\HtmlFormatter\HtmlFormatter2010.v35.ForDemo.csproj", "{72CE54FB-A6F7-4DA4-8506-E106EAF48076}"
EndProject
Project("{FAE04EC0-301F-11D3-BF4B-00C04F79EFBC}") = "SpellChecker2010.v35.ForDemo", "..\Netrix2.0\PlugIns\SpellChecker\SpellChecker2010.v35.ForDemo.csproj", "{83186904-7AB3-483C-B602-83471C38BFA7}"
EndProject
Project("{FAE04EC0-301F-11D3-BF4B-00C04F79EFBC}") = "TableDesigner2010.v35.ForDemo", "..\Netrix2.0\PlugIns\TableDesigner\TableDesigner2010.v35.ForDemo.csproj", "{5BFD19C7-3850-4714-9D77-74DDC561ABA4}"
EndProject
Project("{FAE04EC0-301F-11D3-BF4B-00C04F79EFBC}") = "CodeEditor", "CodeEditorLib\CodeEditor\CodeEditor.csproj", "{6F4AAFEE-3A1F-4D43-953E-F3E26F48C2F3}"
EndProject
Project("{FAE04EC0-301F-11D3-BF4B-00C04F79EFBC}") = "Ribbon", "RibbonLib\Ribbon\Ribbon.csproj", "{0D4F3C14-B605-4471-B581-79784A89675C}"
EndProject
Project("{FAE04EC0-301F-11D3-BF4B-00C04F79EFBC}") = "WinFormsUI", "DockPanelLib\WinFormsUI\WinFormsUI.csproj", "{C75532C4-765B-418E-B09B-46D36B2ABDB1}"
EndProject
Project("{FAE04EC0-301F-11D3-BF4B-00C04F79EFBC}") = "SpellCheck", "..\BugfixProjects\SpellCheckV2WinOffice\SpellCheckV2\SpellCheck.csproj", "{17E0B78E-9734-4887-9EB5-CCDA834EE1C9}"
EndProject
Global
	GlobalSection(SubversionScc) = preSolution
		Svn-Managed = True
		Manager = AnkhSVN - Subversion Support for Visual Studio
	EndGlobalSection
	GlobalSection(SolutionConfigurationPlatforms) = preSolution
		Debug|Any CPU = Debug|Any CPU
		Debug|Mixed Platforms = Debug|Mixed Platforms
		Debug|Win32 = Debug|Win32
		Debug|x64 = Debug|x64
		Debug|x86 = Debug|x86
		Release|Any CPU = Release|Any CPU
		Release|Mixed Platforms = Release|Mixed Platforms
		Release|Win32 = Release|Win32
		Release|x64 = Release|x64
		Release|x86 = Release|x86
	EndGlobalSection
	GlobalSection(ProjectConfigurationPlatforms) = postSolution
		{4485FB2D-3AE5-4F7E-A1CB-A334B2EC9D16}.Debug|Any CPU.ActiveCfg = Debug|x64
		{4485FB2D-3AE5-4F7E-A1CB-A334B2EC9D16}.Debug|Mixed Platforms.ActiveCfg = Debug|x64
		{4485FB2D-3AE5-4F7E-A1CB-A334B2EC9D16}.Debug|Win32.ActiveCfg = Debug|Win32
		{4485FB2D-3AE5-4F7E-A1CB-A334B2EC9D16}.Debug|Win32.Build.0 = Debug|Win32
		{4485FB2D-3AE5-4F7E-A1CB-A334B2EC9D16}.Debug|x64.ActiveCfg = Debug|x64
		{4485FB2D-3AE5-4F7E-A1CB-A334B2EC9D16}.Debug|x64.Build.0 = Debug|x64
		{4485FB2D-3AE5-4F7E-A1CB-A334B2EC9D16}.Debug|x86.ActiveCfg = Debug|x64
		{4485FB2D-3AE5-4F7E-A1CB-A334B2EC9D16}.Release|Any CPU.ActiveCfg = Release|x64
		{4485FB2D-3AE5-4F7E-A1CB-A334B2EC9D16}.Release|Mixed Platforms.ActiveCfg = Release|Win32
		{4485FB2D-3AE5-4F7E-A1CB-A334B2EC9D16}.Release|Win32.ActiveCfg = Release|Win32
		{4485FB2D-3AE5-4F7E-A1CB-A334B2EC9D16}.Release|Win32.Build.0 = Release|Win32
		{4485FB2D-3AE5-4F7E-A1CB-A334B2EC9D16}.Release|x64.ActiveCfg = Release|x64
		{4485FB2D-3AE5-4F7E-A1CB-A334B2EC9D16}.Release|x64.Build.0 = Release|x64
		{4485FB2D-3AE5-4F7E-A1CB-A334B2EC9D16}.Release|x86.ActiveCfg = Release|Win32
		{6BDC113C-FC8A-4AEE-A94B-7C5DD23756F8}.Debug|Any CPU.ActiveCfg = Debug|x86
		{6BDC113C-FC8A-4AEE-A94B-7C5DD23756F8}.Debug|Mixed Platforms.ActiveCfg = Debug|x86
		{6BDC113C-FC8A-4AEE-A94B-7C5DD23756F8}.Debug|Win32.ActiveCfg = Debug|x86
		{6BDC113C-FC8A-4AEE-A94B-7C5DD23756F8}.Debug|x64.ActiveCfg = Debug|x86
		{6BDC113C-FC8A-4AEE-A94B-7C5DD23756F8}.Debug|x86.ActiveCfg = Debug|x86
		{6BDC113C-FC8A-4AEE-A94B-7C5DD23756F8}.Debug|x86.Build.0 = Debug|x86
		{6BDC113C-FC8A-4AEE-A94B-7C5DD23756F8}.Release|Any CPU.ActiveCfg = Release|x86
		{6BDC113C-FC8A-4AEE-A94B-7C5DD23756F8}.Release|Mixed Platforms.ActiveCfg = Release|x86
		{6BDC113C-FC8A-4AEE-A94B-7C5DD23756F8}.Release|Win32.ActiveCfg = Release|x86
		{6BDC113C-FC8A-4AEE-A94B-7C5DD23756F8}.Release|x64.ActiveCfg = Release|x86
		{6BDC113C-FC8A-4AEE-A94B-7C5DD23756F8}.Release|x86.ActiveCfg = Release|x86
		{6BDC113C-FC8A-4AEE-A94B-7C5DD23756F8}.Release|x86.Build.0 = Release|x86
		{9B72A006-D6B9-48AF-8EFA-FA78C57BEC57}.Debug|Any CPU.ActiveCfg = Debug
		{9B72A006-D6B9-48AF-8EFA-FA78C57BEC57}.Debug|Mixed Platforms.ActiveCfg = Debug
		{9B72A006-D6B9-48AF-8EFA-FA78C57BEC57}.Debug|Win32.ActiveCfg = Debug
		{9B72A006-D6B9-48AF-8EFA-FA78C57BEC57}.Debug|x64.ActiveCfg = Debug
		{9B72A006-D6B9-48AF-8EFA-FA78C57BEC57}.Debug|x86.ActiveCfg = Debug
		{9B72A006-D6B9-48AF-8EFA-FA78C57BEC57}.Release|Any CPU.ActiveCfg = Release
		{9B72A006-D6B9-48AF-8EFA-FA78C57BEC57}.Release|Mixed Platforms.ActiveCfg = Release
		{9B72A006-D6B9-48AF-8EFA-FA78C57BEC57}.Release|Win32.ActiveCfg = Release
		{9B72A006-D6B9-48AF-8EFA-FA78C57BEC57}.Release|x64.ActiveCfg = Release
		{9B72A006-D6B9-48AF-8EFA-FA78C57BEC57}.Release|x86.ActiveCfg = Release
		{BFFD7795-5295-428C-8C15-DAF8028DA532}.Debug|Any CPU.ActiveCfg = Debug|Any CPU
		{BFFD7795-5295-428C-8C15-DAF8028DA532}.Debug|Any CPU.Build.0 = Debug|Any CPU
		{BFFD7795-5295-428C-8C15-DAF8028DA532}.Debug|Mixed Platforms.ActiveCfg = Debug|Any CPU
		{BFFD7795-5295-428C-8C15-DAF8028DA532}.Debug|Mixed Platforms.Build.0 = Debug|Any CPU
		{BFFD7795-5295-428C-8C15-DAF8028DA532}.Debug|Win32.ActiveCfg = Debug|Any CPU
		{BFFD7795-5295-428C-8C15-DAF8028DA532}.Debug|x64.ActiveCfg = Debug|Any CPU
		{BFFD7795-5295-428C-8C15-DAF8028DA532}.Debug|x86.ActiveCfg = Debug|Any CPU
		{BFFD7795-5295-428C-8C15-DAF8028DA532}.Release|Any CPU.ActiveCfg = Release|Any CPU
		{BFFD7795-5295-428C-8C15-DAF8028DA532}.Release|Any CPU.Build.0 = Release|Any CPU
		{BFFD7795-5295-428C-8C15-DAF8028DA532}.Release|Mixed Platforms.ActiveCfg = Release|Any CPU
		{BFFD7795-5295-428C-8C15-DAF8028DA532}.Release|Mixed Platforms.Build.0 = Release|Any CPU
		{BFFD7795-5295-428C-8C15-DAF8028DA532}.Release|Win32.ActiveCfg = Release|Any CPU
		{BFFD7795-5295-428C-8C15-DAF8028DA532}.Release|x64.ActiveCfg = Release|Any CPU
		{BFFD7795-5295-428C-8C15-DAF8028DA532}.Release|x86.ActiveCfg = Release|Any CPU
		{0D20B7BC-3B10-4849-8CE2-AEB260D6A352}.Debug|Any CPU.ActiveCfg = Debug|Any CPU
		{0D20B7BC-3B10-4849-8CE2-AEB260D6A352}.Debug|Any CPU.Build.0 = Debug|Any CPU
		{0D20B7BC-3B10-4849-8CE2-AEB260D6A352}.Debug|Mixed Platforms.ActiveCfg = Debug|Any CPU
		{0D20B7BC-3B10-4849-8CE2-AEB260D6A352}.Debug|Mixed Platforms.Build.0 = Debug|Any CPU
		{0D20B7BC-3B10-4849-8CE2-AEB260D6A352}.Debug|Win32.ActiveCfg = Debug|Any CPU
		{0D20B7BC-3B10-4849-8CE2-AEB260D6A352}.Debug|x64.ActiveCfg = Debug|Any CPU
		{0D20B7BC-3B10-4849-8CE2-AEB260D6A352}.Debug|x86.ActiveCfg = Debug|Any CPU
		{0D20B7BC-3B10-4849-8CE2-AEB260D6A352}.Release|Any CPU.ActiveCfg = Release|Any CPU
		{0D20B7BC-3B10-4849-8CE2-AEB260D6A352}.Release|Any CPU.Build.0 = Release|Any CPU
		{0D20B7BC-3B10-4849-8CE2-AEB260D6A352}.Release|Mixed Platforms.ActiveCfg = Release|Any CPU
		{0D20B7BC-3B10-4849-8CE2-AEB260D6A352}.Release|Mixed Platforms.Build.0 = Release|Any CPU
		{0D20B7BC-3B10-4849-8CE2-AEB260D6A352}.Release|Win32.ActiveCfg = Release|Any CPU
		{0D20B7BC-3B10-4849-8CE2-AEB260D6A352}.Release|x64.ActiveCfg = Release|Any CPU
		{0D20B7BC-3B10-4849-8CE2-AEB260D6A352}.Release|x86.ActiveCfg = Release|Any CPU
		{A66482E3-DB0F-4F53-884E-B538595DFBD8}.Debug|Any CPU.ActiveCfg = Debug|Any CPU
		{A66482E3-DB0F-4F53-884E-B538595DFBD8}.Debug|Any CPU.Build.0 = Debug|Any CPU
		{A66482E3-DB0F-4F53-884E-B538595DFBD8}.Debug|Mixed Platforms.ActiveCfg = Debug|Any CPU
		{A66482E3-DB0F-4F53-884E-B538595DFBD8}.Debug|Mixed Platforms.Build.0 = Debug|Any CPU
		{A66482E3-DB0F-4F53-884E-B538595DFBD8}.Debug|Win32.ActiveCfg = Debug|Any CPU
		{A66482E3-DB0F-4F53-884E-B538595DFBD8}.Debug|x64.ActiveCfg = Debug|Any CPU
		{A66482E3-DB0F-4F53-884E-B538595DFBD8}.Debug|x86.ActiveCfg = Debug|Any CPU
		{A66482E3-DB0F-4F53-884E-B538595DFBD8}.Release|Any CPU.ActiveCfg = Release|Any CPU
		{A66482E3-DB0F-4F53-884E-B538595DFBD8}.Release|Any CPU.Build.0 = Release|Any CPU
		{A66482E3-DB0F-4F53-884E-B538595DFBD8}.Release|Mixed Platforms.ActiveCfg = Release|Any CPU
		{A66482E3-DB0F-4F53-884E-B538595DFBD8}.Release|Mixed Platforms.Build.0 = Release|Any CPU
		{A66482E3-DB0F-4F53-884E-B538595DFBD8}.Release|Win32.ActiveCfg = Release|Any CPU
		{A66482E3-DB0F-4F53-884E-B538595DFBD8}.Release|x64.ActiveCfg = Release|Any CPU
		{A66482E3-DB0F-4F53-884E-B538595DFBD8}.Release|x86.ActiveCfg = Release|Any CPU
		{E53F5EC3-5464-4CD7-BE38-67E79C09B470}.Debug|Any CPU.ActiveCfg = Debug|Any CPU
		{E53F5EC3-5464-4CD7-BE38-67E79C09B470}.Debug|Any CPU.Build.0 = Debug|Any CPU
		{E53F5EC3-5464-4CD7-BE38-67E79C09B470}.Debug|Mixed Platforms.ActiveCfg = Debug|Any CPU
		{E53F5EC3-5464-4CD7-BE38-67E79C09B470}.Debug|Mixed Platforms.Build.0 = Debug|Any CPU
		{E53F5EC3-5464-4CD7-BE38-67E79C09B470}.Debug|Win32.ActiveCfg = Debug|Any CPU
		{E53F5EC3-5464-4CD7-BE38-67E79C09B470}.Debug|x64.ActiveCfg = Debug|Any CPU
		{E53F5EC3-5464-4CD7-BE38-67E79C09B470}.Debug|x86.ActiveCfg = Debug|Any CPU
		{E53F5EC3-5464-4CD7-BE38-67E79C09B470}.Release|Any CPU.ActiveCfg = Release|Any CPU
		{E53F5EC3-5464-4CD7-BE38-67E79C09B470}.Release|Any CPU.Build.0 = Release|Any CPU
		{E53F5EC3-5464-4CD7-BE38-67E79C09B470}.Release|Mixed Platforms.ActiveCfg = Release|Any CPU
		{E53F5EC3-5464-4CD7-BE38-67E79C09B470}.Release|Mixed Platforms.Build.0 = Release|Any CPU
		{E53F5EC3-5464-4CD7-BE38-67E79C09B470}.Release|Win32.ActiveCfg = Release|Any CPU
		{E53F5EC3-5464-4CD7-BE38-67E79C09B470}.Release|x64.ActiveCfg = Release|Any CPU
		{E53F5EC3-5464-4CD7-BE38-67E79C09B470}.Release|x86.ActiveCfg = Release|Any CPU
		{72CE54FB-A6F7-4DA4-8506-E106EAF48076}.Debug|Any CPU.ActiveCfg = Debug|Any CPU
		{72CE54FB-A6F7-4DA4-8506-E106EAF48076}.Debug|Any CPU.Build.0 = Debug|Any CPU
		{72CE54FB-A6F7-4DA4-8506-E106EAF48076}.Debug|Mixed Platforms.ActiveCfg = Debug|Any CPU
		{72CE54FB-A6F7-4DA4-8506-E106EAF48076}.Debug|Mixed Platforms.Build.0 = Debug|Any CPU
		{72CE54FB-A6F7-4DA4-8506-E106EAF48076}.Debug|Win32.ActiveCfg = Debug|Any CPU
		{72CE54FB-A6F7-4DA4-8506-E106EAF48076}.Debug|x64.ActiveCfg = Debug|Any CPU
		{72CE54FB-A6F7-4DA4-8506-E106EAF48076}.Debug|x86.ActiveCfg = Debug|Any CPU
		{72CE54FB-A6F7-4DA4-8506-E106EAF48076}.Release|Any CPU.ActiveCfg = Release|Any CPU
		{72CE54FB-A6F7-4DA4-8506-E106EAF48076}.Release|Any CPU.Build.0 = Release|Any CPU
		{72CE54FB-A6F7-4DA4-8506-E106EAF48076}.Release|Mixed Platforms.ActiveCfg = Release|Any CPU
		{72CE54FB-A6F7-4DA4-8506-E106EAF48076}.Release|Mixed Platforms.Build.0 = Release|Any CPU
		{72CE54FB-A6F7-4DA4-8506-E106EAF48076}.Release|Win32.ActiveCfg = Release|Any CPU
		{72CE54FB-A6F7-4DA4-8506-E106EAF48076}.Release|x64.ActiveCfg = Release|Any CPU
		{72CE54FB-A6F7-4DA4-8506-E106EAF48076}.Release|x86.ActiveCfg = Release|Any CPU
		{83186904-7AB3-483C-B602-83471C38BFA7}.Debug|Any CPU.ActiveCfg = Debug|Any CPU
		{83186904-7AB3-483C-B602-83471C38BFA7}.Debug|Any CPU.Build.0 = Debug|Any CPU
		{83186904-7AB3-483C-B602-83471C38BFA7}.Debug|Mixed Platforms.ActiveCfg = Debug|Any CPU
		{83186904-7AB3-483C-B602-83471C38BFA7}.Debug|Mixed Platforms.Build.0 = Debug|Any CPU
		{83186904-7AB3-483C-B602-83471C38BFA7}.Debug|Win32.ActiveCfg = Debug|Any CPU
		{83186904-7AB3-483C-B602-83471C38BFA7}.Debug|x64.ActiveCfg = Debug|Any CPU
		{83186904-7AB3-483C-B602-83471C38BFA7}.Debug|x86.ActiveCfg = Debug|Any CPU
		{83186904-7AB3-483C-B602-83471C38BFA7}.Release|Any CPU.ActiveCfg = Release|Any CPU
		{83186904-7AB3-483C-B602-83471C38BFA7}.Release|Any CPU.Build.0 = Release|Any CPU
		{83186904-7AB3-483C-B602-83471C38BFA7}.Release|Mixed Platforms.ActiveCfg = Release|Any CPU
		{83186904-7AB3-483C-B602-83471C38BFA7}.Release|Mixed Platforms.Build.0 = Release|Any CPU
		{83186904-7AB3-483C-B602-83471C38BFA7}.Release|Win32.ActiveCfg = Release|Any CPU
		{83186904-7AB3-483C-B602-83471C38BFA7}.Release|x64.ActiveCfg = Release|Any CPU
		{83186904-7AB3-483C-B602-83471C38BFA7}.Release|x86.ActiveCfg = Release|Any CPU
		{5BFD19C7-3850-4714-9D77-74DDC561ABA4}.Debug|Any CPU.ActiveCfg = Debug|Any CPU
		{5BFD19C7-3850-4714-9D77-74DDC561ABA4}.Debug|Any CPU.Build.0 = Debug|Any CPU
		{5BFD19C7-3850-4714-9D77-74DDC561ABA4}.Debug|Mixed Platforms.ActiveCfg = Debug|Any CPU
		{5BFD19C7-3850-4714-9D77-74DDC561ABA4}.Debug|Mixed Platforms.Build.0 = Debug|Any CPU
		{5BFD19C7-3850-4714-9D77-74DDC561ABA4}.Debug|Win32.ActiveCfg = Debug|Any CPU
		{5BFD19C7-3850-4714-9D77-74DDC561ABA4}.Debug|x64.ActiveCfg = Debug|Any CPU
		{5BFD19C7-3850-4714-9D77-74DDC561ABA4}.Debug|x86.ActiveCfg = Debug|Any CPU
		{5BFD19C7-3850-4714-9D77-74DDC561ABA4}.Release|Any CPU.ActiveCfg = Release|Any CPU
		{5BFD19C7-3850-4714-9D77-74DDC561ABA4}.Release|Any CPU.Build.0 = Release|Any CPU
		{5BFD19C7-3850-4714-9D77-74DDC561ABA4}.Release|Mixed Platforms.ActiveCfg = Release|Any CPU
		{5BFD19C7-3850-4714-9D77-74DDC561ABA4}.Release|Mixed Platforms.Build.0 = Release|Any CPU
		{5BFD19C7-3850-4714-9D77-74DDC561ABA4}.Release|Win32.ActiveCfg = Release|Any CPU
		{5BFD19C7-3850-4714-9D77-74DDC561ABA4}.Release|x64.ActiveCfg = Release|Any CPU
		{5BFD19C7-3850-4714-9D77-74DDC561ABA4}.Release|x86.ActiveCfg = Release|Any CPU
		{6F4AAFEE-3A1F-4D43-953E-F3E26F48C2F3}.Debug|Any CPU.ActiveCfg = Debug|Any CPU
		{6F4AAFEE-3A1F-4D43-953E-F3E26F48C2F3}.Debug|Any CPU.Build.0 = Debug|Any CPU
		{6F4AAFEE-3A1F-4D43-953E-F3E26F48C2F3}.Debug|Mixed Platforms.ActiveCfg = Debug|Any CPU
		{6F4AAFEE-3A1F-4D43-953E-F3E26F48C2F3}.Debug|Mixed Platforms.Build.0 = Debug|Any CPU
		{6F4AAFEE-3A1F-4D43-953E-F3E26F48C2F3}.Debug|Win32.ActiveCfg = Debug|Any CPU
		{6F4AAFEE-3A1F-4D43-953E-F3E26F48C2F3}.Debug|x64.ActiveCfg = Debug|Any CPU
		{6F4AAFEE-3A1F-4D43-953E-F3E26F48C2F3}.Debug|x86.ActiveCfg = Debug|Any CPU
		{6F4AAFEE-3A1F-4D43-953E-F3E26F48C2F3}.Release|Any CPU.ActiveCfg = Release|Any CPU
		{6F4AAFEE-3A1F-4D43-953E-F3E26F48C2F3}.Release|Any CPU.Build.0 = Release|Any CPU
		{6F4AAFEE-3A1F-4D43-953E-F3E26F48C2F3}.Release|Mixed Platforms.ActiveCfg = Release|Any CPU
		{6F4AAFEE-3A1F-4D43-953E-F3E26F48C2F3}.Release|Mixed Platforms.Build.0 = Release|Any CPU
		{6F4AAFEE-3A1F-4D43-953E-F3E26F48C2F3}.Release|Win32.ActiveCfg = Release|Any CPU
		{6F4AAFEE-3A1F-4D43-953E-F3E26F48C2F3}.Release|x64.ActiveCfg = Release|Any CPU
		{6F4AAFEE-3A1F-4D43-953E-F3E26F48C2F3}.Release|x86.ActiveCfg = Release|Any CPU
		{0D4F3C14-B605-4471-B581-79784A89675C}.Debug|Any CPU.ActiveCfg = Debug|Any CPU
		{0D4F3C14-B605-4471-B581-79784A89675C}.Debug|Any CPU.Build.0 = Debug|Any CPU
		{0D4F3C14-B605-4471-B581-79784A89675C}.Debug|Mixed Platforms.ActiveCfg = Debug|Any CPU
		{0D4F3C14-B605-4471-B581-79784A89675C}.Debug|Mixed Platforms.Build.0 = Debug|Any CPU
		{0D4F3C14-B605-4471-B581-79784A89675C}.Debug|Win32.ActiveCfg = Debug|Any CPU
		{0D4F3C14-B605-4471-B581-79784A89675C}.Debug|x64.ActiveCfg = Debug|Any CPU
		{0D4F3C14-B605-4471-B581-79784A89675C}.Debug|x86.ActiveCfg = Debug|Any CPU
		{0D4F3C14-B605-4471-B581-79784A89675C}.Release|Any CPU.ActiveCfg = Release|Any CPU
		{0D4F3C14-B605-4471-B581-79784A89675C}.Release|Any CPU.Build.0 = Release|Any CPU
		{0D4F3C14-B605-4471-B581-79784A89675C}.Release|Mixed Platforms.ActiveCfg = Release|Any CPU
		{0D4F3C14-B605-4471-B581-79784A89675C}.Release|Mixed Platforms.Build.0 = Release|Any CPU
		{0D4F3C14-B605-4471-B581-79784A89675C}.Release|Win32.ActiveCfg = Release|Any CPU
		{0D4F3C14-B605-4471-B581-79784A89675C}.Release|x64.ActiveCfg = Release|Any CPU
		{0D4F3C14-B605-4471-B581-79784A89675C}.Release|x86.ActiveCfg = Release|Any CPU
		{C75532C4-765B-418E-B09B-46D36B2ABDB1}.Debug|Any CPU.ActiveCfg = Debug|Any CPU
		{C75532C4-765B-418E-B09B-46D36B2ABDB1}.Debug|Any CPU.Build.0 = Debug|Any CPU
		{C75532C4-765B-418E-B09B-46D36B2ABDB1}.Debug|Mixed Platforms.ActiveCfg = Debug|Any CPU
		{C75532C4-765B-418E-B09B-46D36B2ABDB1}.Debug|Mixed Platforms.Build.0 = Debug|Any CPU
		{C75532C4-765B-418E-B09B-46D36B2ABDB1}.Debug|Win32.ActiveCfg = Debug|Any CPU
		{C75532C4-765B-418E-B09B-46D36B2ABDB1}.Debug|x64.ActiveCfg = Debug|Any CPU
		{C75532C4-765B-418E-B09B-46D36B2ABDB1}.Debug|x86.ActiveCfg = Debug|Any CPU
		{C75532C4-765B-418E-B09B-46D36B2ABDB1}.Release|Any CPU.ActiveCfg = Release|Any CPU
		{C75532C4-765B-418E-B09B-46D36B2ABDB1}.Release|Any CPU.Build.0 = Release|Any CPU
		{C75532C4-765B-418E-B09B-46D36B2ABDB1}.Release|Mixed Platforms.ActiveCfg = Release|Any CPU
		{C75532C4-765B-418E-B09B-46D36B2ABDB1}.Release|Mixed Platforms.Build.0 = Release|Any CPU
		{C75532C4-765B-418E-B09B-46D36B2ABDB1}.Release|Win32.ActiveCfg = Release|Any CPU
		{C75532C4-765B-418E-B09B-46D36B2ABDB1}.Release|x64.ActiveCfg = Release|Any CPU
		{C75532C4-765B-418E-B09B-46D36B2ABDB1}.Release|x86.ActiveCfg = Release|Any CPU
		{17E0B78E-9734-4887-9EB5-CCDA834EE1C9}.Debug|Any CPU.ActiveCfg = Debug|Any CPU
		{17E0B78E-9734-4887-9EB5-CCDA834EE1C9}.Debug|Any CPU.Build.0 = Debug|Any CPU
		{17E0B78E-9734-4887-9EB5-CCDA834EE1C9}.Debug|Mixed Platforms.ActiveCfg = Debug|Any CPU
		{17E0B78E-9734-4887-9EB5-CCDA834EE1C9}.Debug|Mixed Platforms.Build.0 = Debug|Any CPU
		{17E0B78E-9734-4887-9EB5-CCDA834EE1C9}.Debug|Win32.ActiveCfg = Debug|Any CPU
		{17E0B78E-9734-4887-9EB5-CCDA834EE1C9}.Debug|x64.ActiveCfg = Debug|Any CPU
		{17E0B78E-9734-4887-9EB5-CCDA834EE1C9}.Debug|x86.ActiveCfg = Debug|Any CPU
		{17E0B78E-9734-4887-9EB5-CCDA834EE1C9}.Release|Any CPU.ActiveCfg = Release|Any CPU
		{17E0B78E-9734-4887-9EB5-CCDA834EE1C9}.Release|Any CPU.Build.0 = Release|Any CPU
		{17E0B78E-9734-4887-9EB5-CCDA834EE1C9}.Release|Mixed Platforms.ActiveCfg = Release|Any CPU
		{17E0B78E-9734-4887-9EB5-CCDA834EE1C9}.Release|Mixed Platforms.Build.0 = Release|Any CPU
		{17E0B78E-9734-4887-9EB5-CCDA834EE1C9}.Release|Win32.ActiveCfg = Release|Any CPU
		{17E0B78E-9734-4887-9EB5-CCDA834EE1C9}.Release|x64.ActiveCfg = Release|Any CPU
		{17E0B78E-9734-4887-9EB5-CCDA834EE1C9}.Release|x86.ActiveCfg = Release|Any CPU
	EndGlobalSection
	GlobalSection(SolutionProperties) = preSolution
		HideSolutionNode = FALSE
	EndGlobalSection
	GlobalSection(NestedProjects) = preSolution
		{D3701F49-5C3C-46BF-8484-3A46D547A564} = {00D0CD46-7945-4E72-86BB-1B49197A68B3}
		{4485FB2D-3AE5-4F7E-A1CB-A334B2EC9D16} = {00D0CD46-7945-4E72-86BB-1B49197A68B3}
		{BFFD7795-5295-428C-8C15-DAF8028DA532} = {00D0CD46-7945-4E72-86BB-1B49197A68B3}
		{0D20B7BC-3B10-4849-8CE2-AEB260D6A352} = {00D0CD46-7945-4E72-86BB-1B49197A68B3}
		{A66482E3-DB0F-4F53-884E-B538595DFBD8} = {00D0CD46-7945-4E72-86BB-1B49197A68B3}
		{E53F5EC3-5464-4CD7-BE38-67E79C09B470} = {D3701F49-5C3C-46BF-8484-3A46D547A564}
		{72CE54FB-A6F7-4DA4-8506-E106EAF48076} = {D3701F49-5C3C-46BF-8484-3A46D547A564}
		{83186904-7AB3-483C-B602-83471C38BFA7} = {D3701F49-5C3C-46BF-8484-3A46D547A564}
		{5BFD19C7-3850-4714-9D77-74DDC561ABA4} = {D3701F49-5C3C-46BF-8484-3A46D547A564}
		{6F4AAFEE-3A1F-4D43-953E-F3E26F48C2F3} = {A4D3E16B-F831-42F1-8E66-938FE96220DA}
		{0D4F3C14-B605-4471-B581-79784A89675C} = {A4D3E16B-F831-42F1-8E66-938FE96220DA}
		{C75532C4-765B-418E-B09B-46D36B2ABDB1} = {A4D3E16B-F831-42F1-8E66-938FE96220DA}
	EndGlobalSection
EndGlobal
