
Microsoft Visual Studio Solution File, Format Version 12.00
# Visual Studio 15
VisualStudioVersion = 15.0.26430.13
MinimumVisualStudioVersion = 10.0.40219.1
Project("{2150E333-8FDC-42A3-9474-1A3956D46DE8}") = "Netrix", "Netrix", "{00D0CD46-7945-4E72-86BB-1B49197A68B3}"
EndProject
Project("{2150E333-8FDC-42A3-9474-1A3956D46DE8}") = "Plugins", "Plugins", "{D3701F49-5C3C-46BF-8484-3A46D547A564}"
EndProject
Project("{8BC9CEB8-8B4A-11D0-8D11-00A0C91BC942}") = "ResourceLibrary", "..\Netrix2.0\Glyphs\ResourceLibrary2017.vcxproj", "{4485FB2D-3AE5-4F7E-A1CB-A334B2EC9D16}"
EndProject
Project("{FAE04EC0-301F-11D3-BF4B-00C04F79EFBC}") = "NetrixHtmlEditorDemo", "NetrixHtmlEditorDemo\NetrixHtmlEditorDemo.csproj", "{6BDC113C-FC8A-4AEE-A94B-7C5DD23756F8}"
EndProject
Project("{2150E333-8FDC-42A3-9474-1A3956D46DE8}") = "Libraries", "Libraries", "{A4D3E16B-F831-42F1-8E66-938FE96220DA}"
EndProject
Project("{FAE04EC0-301F-11D3-BF4B-00C04F79EFBC}") = "Core2017.v47.ForDemo", "..\Netrix2.0\Core\Core2017.v47.ForDemo.csproj", "{91A26F23-2359-48B2-9061-3B73FD382C72}"
EndProject
Project("{FAE04EC0-301F-11D3-BF4B-00C04F79EFBC}") = "NetRix2017.v47.ForDemo", "..\Netrix2.0\NetRixMain\NetRix2017.v47.ForDemo.csproj", "{5C4D1229-1114-470E-8A94-F07E0931F784}"
EndProject
Project("{FAE04EC0-301F-11D3-BF4B-00C04F79EFBC}") = "NetRixUI2017.v47.ForDemo", "..\Netrix2.0\NetRixUI\NetRixUI2017.v47.ForDemo.csproj", "{965DD31A-E3B4-4086-A47F-DD7CA967A0CD}"
EndProject
Project("{FAE04EC0-301F-11D3-BF4B-00C04F79EFBC}") = "HelpLine2017.v47.ForDemo", "..\Netrix2.0\PlugIns\HelpLine\HelpLine2017.v47.ForDemo.csproj", "{F09F9E73-0994-4A20-B6D5-79675F959F41}"
EndProject
Project("{FAE04EC0-301F-11D3-BF4B-00C04F79EFBC}") = "HtmlFormatter2017.v47.ForDemo", "..\Netrix2.0\PlugIns\HtmlFormatter\HtmlFormatter2017.v47.ForDemo.csproj", "{72CE54FB-A6F7-4DA4-8506-E106EAF48076}"
EndProject
Project("{FAE04EC0-301F-11D3-BF4B-00C04F79EFBC}") = "SpellChecker2017.v47.ForDemo", "..\Netrix2.0\PlugIns\SpellChecker\SpellChecker2017.v47.ForDemo.csproj", "{3D7A48C5-23DF-4968-8D15-2FC55C091F1E}"
EndProject
Project("{FAE04EC0-301F-11D3-BF4B-00C04F79EFBC}") = "TableDesigner2017.v47.ForDemo", "..\Netrix2.0\PlugIns\TableDesigner\TableDesigner2017.v47.ForDemo.csproj", "{1C2F074F-D062-4DBD-A8B2-3133E9787E04}"
EndProject
Project("{FAE04EC0-301F-11D3-BF4B-00C04F79EFBC}") = "CodeEditor2017.v47", "CodeEditorLib\CodeEditor\CodeEditor2017.v47.csproj", "{6F4AAFEE-3A1F-4D43-953E-F3E26F48C2F3}"
EndProject
Project("{FAE04EC0-301F-11D3-BF4B-00C04F79EFBC}") = "Ribbon2017.v47", "RibbonLib\Ribbon\Ribbon2017.v47.csproj", "{0D4F3C14-B605-4471-B581-79784A89675C}"
EndProject
Project("{FAE04EC0-301F-11D3-BF4B-00C04F79EFBC}") = "WinFormsUI2017.v47", "DockPanelLib\WinFormsUI\WinFormsUI2017.v47.csproj", "{C75532C4-765B-418E-B09B-46D36B2ABDB1}"
EndProject
Project("{2150E333-8FDC-42A3-9474-1A3956D46DE8}") = "CompilerSupportExecutables", "CompilerSupportExecutables", "{7F2EF30E-D9BE-4E10-BE39-3634E53425F2}"
	ProjectSection(SolutionItems) = preProject
		..\..\..\..\Program Files (x86)\Windows Kits\10\bin\10.0.15063.0\x86\rc.exe = ..\..\..\..\Program Files (x86)\Windows Kits\10\bin\10.0.15063.0\x86\rc.exe
		..\..\..\..\Program Files (x86)\Windows Kits\10\bin\10.0.15063.0\x86\uicc.exe = ..\..\..\..\Program Files (x86)\Windows Kits\10\bin\10.0.15063.0\x86\uicc.exe
	EndProjectSection
EndProject
Project("{F088123C-0E9E-452A-89E6-6BA2F21D5CAC}") = "DependencyValidationCheck", "DependencyValidationCheck\DependencyValidationCheck.modelproj", "{577F8DE5-05BB-4C2F-B640-B06DBEE89FD7}"
EndProject
Global
	GlobalSection(SolutionConfigurationPlatforms) = preSolution
		Debug|Any CPU = Debug|Any CPU
		Debug|Mixed Platforms = Debug|Mixed Platforms
		Debug|Win32 = Debug|Win32
		Debug|x64 = Debug|x64
		Debug|x86 = Debug|x86
		DebugDemoForm|Any CPU = DebugDemoForm|Any CPU
		DebugDemoForm|Mixed Platforms = DebugDemoForm|Mixed Platforms
		DebugDemoForm|Win32 = DebugDemoForm|Win32
		DebugDemoForm|x64 = DebugDemoForm|x64
		DebugDemoForm|x86 = DebugDemoForm|x86
		DeployIsolated_HtmlFormatter_Debug|Any CPU = DeployIsolated_HtmlFormatter_Debug|Any CPU
		DeployIsolated_HtmlFormatter_Debug|Mixed Platforms = DeployIsolated_HtmlFormatter_Debug|Mixed Platforms
		DeployIsolated_HtmlFormatter_Debug|Win32 = DeployIsolated_HtmlFormatter_Debug|Win32
		DeployIsolated_HtmlFormatter_Debug|x64 = DeployIsolated_HtmlFormatter_Debug|x64
		DeployIsolated_HtmlFormatter_Debug|x86 = DeployIsolated_HtmlFormatter_Debug|x86
		Release|Any CPU = Release|Any CPU
		Release|Mixed Platforms = Release|Mixed Platforms
		Release|Win32 = Release|Win32
		Release|x64 = Release|x64
		Release|x86 = Release|x86
	EndGlobalSection
	GlobalSection(ProjectConfigurationPlatforms) = postSolution
		{4485FB2D-3AE5-4F7E-A1CB-A334B2EC9D16}.Debug|Any CPU.ActiveCfg = Debug|x64
		{4485FB2D-3AE5-4F7E-A1CB-A334B2EC9D16}.Debug|Mixed Platforms.ActiveCfg = Debug|x64
		{4485FB2D-3AE5-4F7E-A1CB-A334B2EC9D16}.Debug|Win32.ActiveCfg = Debug|Win32
		{4485FB2D-3AE5-4F7E-A1CB-A334B2EC9D16}.Debug|Win32.Build.0 = Debug|Win32
		{4485FB2D-3AE5-4F7E-A1CB-A334B2EC9D16}.Debug|x64.ActiveCfg = Debug|x64
		{4485FB2D-3AE5-4F7E-A1CB-A334B2EC9D16}.Debug|x64.Build.0 = Debug|x64
		{4485FB2D-3AE5-4F7E-A1CB-A334B2EC9D16}.Debug|x86.ActiveCfg = Debug|x64
		{4485FB2D-3AE5-4F7E-A1CB-A334B2EC9D16}.DebugDemoForm|Any CPU.ActiveCfg = Debug|x64
		{4485FB2D-3AE5-4F7E-A1CB-A334B2EC9D16}.DebugDemoForm|Mixed Platforms.ActiveCfg = Debug|x64
		{4485FB2D-3AE5-4F7E-A1CB-A334B2EC9D16}.DebugDemoForm|Mixed Platforms.Build.0 = Debug|x64
		{4485FB2D-3AE5-4F7E-A1CB-A334B2EC9D16}.DebugDemoForm|Win32.ActiveCfg = Debug|x64
		{4485FB2D-3AE5-4F7E-A1CB-A334B2EC9D16}.DebugDemoForm|x64.ActiveCfg = Debug|x64
		{4485FB2D-3AE5-4F7E-A1CB-A334B2EC9D16}.DebugDemoForm|x64.Build.0 = Debug|x64
		{4485FB2D-3AE5-4F7E-A1CB-A334B2EC9D16}.DebugDemoForm|x86.ActiveCfg = Debug|x64
		{4485FB2D-3AE5-4F7E-A1CB-A334B2EC9D16}.DeployIsolated_HtmlFormatter_Debug|Any CPU.ActiveCfg = Debug|x64
		{4485FB2D-3AE5-4F7E-A1CB-A334B2EC9D16}.DeployIsolated_HtmlFormatter_Debug|Mixed Platforms.ActiveCfg = Debug|x64
		{4485FB2D-3AE5-4F7E-A1CB-A334B2EC9D16}.DeployIsolated_HtmlFormatter_Debug|Mixed Platforms.Build.0 = Debug|x64
		{4485FB2D-3AE5-4F7E-A1CB-A334B2EC9D16}.DeployIsolated_HtmlFormatter_Debug|Win32.ActiveCfg = Debug|Win32
		{4485FB2D-3AE5-4F7E-A1CB-A334B2EC9D16}.DeployIsolated_HtmlFormatter_Debug|Win32.Build.0 = Debug|Win32
		{4485FB2D-3AE5-4F7E-A1CB-A334B2EC9D16}.DeployIsolated_HtmlFormatter_Debug|x64.ActiveCfg = Debug|x64
		{4485FB2D-3AE5-4F7E-A1CB-A334B2EC9D16}.DeployIsolated_HtmlFormatter_Debug|x64.Build.0 = Debug|x64
		{4485FB2D-3AE5-4F7E-A1CB-A334B2EC9D16}.DeployIsolated_HtmlFormatter_Debug|x86.ActiveCfg = Debug|x64
		{4485FB2D-3AE5-4F7E-A1CB-A334B2EC9D16}.Release|Any CPU.ActiveCfg = Release|x64
		{4485FB2D-3AE5-4F7E-A1CB-A334B2EC9D16}.Release|Mixed Platforms.ActiveCfg = Release|Win32
		{4485FB2D-3AE5-4F7E-A1CB-A334B2EC9D16}.Release|Win32.ActiveCfg = Release|Win32
		{4485FB2D-3AE5-4F7E-A1CB-A334B2EC9D16}.Release|Win32.Build.0 = Release|Win32
		{4485FB2D-3AE5-4F7E-A1CB-A334B2EC9D16}.Release|x64.ActiveCfg = Release|x64
		{4485FB2D-3AE5-4F7E-A1CB-A334B2EC9D16}.Release|x64.Build.0 = Release|x64
		{4485FB2D-3AE5-4F7E-A1CB-A334B2EC9D16}.Release|x86.ActiveCfg = Release|Win32
		{6BDC113C-FC8A-4AEE-A94B-7C5DD23756F8}.Debug|Any CPU.ActiveCfg = Debug|x86
		{6BDC113C-FC8A-4AEE-A94B-7C5DD23756F8}.Debug|Mixed Platforms.ActiveCfg = Debug|x86
		{6BDC113C-FC8A-4AEE-A94B-7C5DD23756F8}.Debug|Win32.ActiveCfg = Debug|x86
		{6BDC113C-FC8A-4AEE-A94B-7C5DD23756F8}.Debug|x64.ActiveCfg = Debug|x86
		{6BDC113C-FC8A-4AEE-A94B-7C5DD23756F8}.Debug|x86.ActiveCfg = Debug|x86
		{6BDC113C-FC8A-4AEE-A94B-7C5DD23756F8}.Debug|x86.Build.0 = Debug|x86
		{6BDC113C-FC8A-4AEE-A94B-7C5DD23756F8}.DebugDemoForm|Any CPU.ActiveCfg = Debug|x86
		{6BDC113C-FC8A-4AEE-A94B-7C5DD23756F8}.DebugDemoForm|Mixed Platforms.ActiveCfg = Debug|x86
		{6BDC113C-FC8A-4AEE-A94B-7C5DD23756F8}.DebugDemoForm|Mixed Platforms.Build.0 = Debug|x86
		{6BDC113C-FC8A-4AEE-A94B-7C5DD23756F8}.DebugDemoForm|Win32.ActiveCfg = Debug|x86
		{6BDC113C-FC8A-4AEE-A94B-7C5DD23756F8}.DebugDemoForm|x64.ActiveCfg = Debug|x86
		{6BDC113C-FC8A-4AEE-A94B-7C5DD23756F8}.DebugDemoForm|x86.ActiveCfg = Debug|x86
		{6BDC113C-FC8A-4AEE-A94B-7C5DD23756F8}.DebugDemoForm|x86.Build.0 = Debug|x86
		{6BDC113C-FC8A-4AEE-A94B-7C5DD23756F8}.DeployIsolated_HtmlFormatter_Debug|Any CPU.ActiveCfg = Debug|x86
		{6BDC113C-FC8A-4AEE-A94B-7C5DD23756F8}.DeployIsolated_HtmlFormatter_Debug|Mixed Platforms.ActiveCfg = Debug|x86
		{6BDC113C-FC8A-4AEE-A94B-7C5DD23756F8}.DeployIsolated_HtmlFormatter_Debug|Mixed Platforms.Build.0 = Debug|x86
		{6BDC113C-FC8A-4AEE-A94B-7C5DD23756F8}.DeployIsolated_HtmlFormatter_Debug|Win32.ActiveCfg = Debug|x86
		{6BDC113C-FC8A-4AEE-A94B-7C5DD23756F8}.DeployIsolated_HtmlFormatter_Debug|x64.ActiveCfg = Debug|x86
		{6BDC113C-FC8A-4AEE-A94B-7C5DD23756F8}.DeployIsolated_HtmlFormatter_Debug|x86.ActiveCfg = Debug|x86
		{6BDC113C-FC8A-4AEE-A94B-7C5DD23756F8}.DeployIsolated_HtmlFormatter_Debug|x86.Build.0 = Debug|x86
		{6BDC113C-FC8A-4AEE-A94B-7C5DD23756F8}.Release|Any CPU.ActiveCfg = Release|x86
		{6BDC113C-FC8A-4AEE-A94B-7C5DD23756F8}.Release|Mixed Platforms.ActiveCfg = Release|x86
		{6BDC113C-FC8A-4AEE-A94B-7C5DD23756F8}.Release|Win32.ActiveCfg = Release|x86
		{6BDC113C-FC8A-4AEE-A94B-7C5DD23756F8}.Release|x64.ActiveCfg = Release|x86
		{6BDC113C-FC8A-4AEE-A94B-7C5DD23756F8}.Release|x86.ActiveCfg = Release|x86
		{6BDC113C-FC8A-4AEE-A94B-7C5DD23756F8}.Release|x86.Build.0 = Release|x86
		{91A26F23-2359-48B2-9061-3B73FD382C72}.Debug|Any CPU.ActiveCfg = Debug|Any CPU
		{91A26F23-2359-48B2-9061-3B73FD382C72}.Debug|Any CPU.Build.0 = Debug|Any CPU
		{91A26F23-2359-48B2-9061-3B73FD382C72}.Debug|Mixed Platforms.ActiveCfg = Debug|Any CPU
		{91A26F23-2359-48B2-9061-3B73FD382C72}.Debug|Mixed Platforms.Build.0 = Debug|Any CPU
		{91A26F23-2359-48B2-9061-3B73FD382C72}.Debug|Win32.ActiveCfg = Debug|Any CPU
		{91A26F23-2359-48B2-9061-3B73FD382C72}.Debug|x64.ActiveCfg = Debug|Any CPU
		{91A26F23-2359-48B2-9061-3B73FD382C72}.Debug|x86.ActiveCfg = Debug|Any CPU
		{91A26F23-2359-48B2-9061-3B73FD382C72}.DebugDemoForm|Any CPU.ActiveCfg = Debug|Any CPU
		{91A26F23-2359-48B2-9061-3B73FD382C72}.DebugDemoForm|Any CPU.Build.0 = Debug|Any CPU
		{91A26F23-2359-48B2-9061-3B73FD382C72}.DebugDemoForm|Mixed Platforms.ActiveCfg = Debug|Any CPU
		{91A26F23-2359-48B2-9061-3B73FD382C72}.DebugDemoForm|Mixed Platforms.Build.0 = Debug|Any CPU
		{91A26F23-2359-48B2-9061-3B73FD382C72}.DebugDemoForm|Win32.ActiveCfg = Debug|Any CPU
		{91A26F23-2359-48B2-9061-3B73FD382C72}.DebugDemoForm|Win32.Build.0 = Debug|Any CPU
		{91A26F23-2359-48B2-9061-3B73FD382C72}.DebugDemoForm|x64.ActiveCfg = Debug|Any CPU
		{91A26F23-2359-48B2-9061-3B73FD382C72}.DebugDemoForm|x64.Build.0 = Debug|Any CPU
		{91A26F23-2359-48B2-9061-3B73FD382C72}.DebugDemoForm|x86.ActiveCfg = Debug|Any CPU
		{91A26F23-2359-48B2-9061-3B73FD382C72}.DebugDemoForm|x86.Build.0 = Debug|Any CPU
		{91A26F23-2359-48B2-9061-3B73FD382C72}.DeployIsolated_HtmlFormatter_Debug|Any CPU.ActiveCfg = Debug|Any CPU
		{91A26F23-2359-48B2-9061-3B73FD382C72}.DeployIsolated_HtmlFormatter_Debug|Any CPU.Build.0 = Debug|Any CPU
		{91A26F23-2359-48B2-9061-3B73FD382C72}.DeployIsolated_HtmlFormatter_Debug|Mixed Platforms.ActiveCfg = Debug|Any CPU
		{91A26F23-2359-48B2-9061-3B73FD382C72}.DeployIsolated_HtmlFormatter_Debug|Mixed Platforms.Build.0 = Debug|Any CPU
		{91A26F23-2359-48B2-9061-3B73FD382C72}.DeployIsolated_HtmlFormatter_Debug|Win32.ActiveCfg = Debug|Any CPU
		{91A26F23-2359-48B2-9061-3B73FD382C72}.DeployIsolated_HtmlFormatter_Debug|Win32.Build.0 = Debug|Any CPU
		{91A26F23-2359-48B2-9061-3B73FD382C72}.DeployIsolated_HtmlFormatter_Debug|x64.ActiveCfg = Debug|Any CPU
		{91A26F23-2359-48B2-9061-3B73FD382C72}.DeployIsolated_HtmlFormatter_Debug|x64.Build.0 = Debug|Any CPU
		{91A26F23-2359-48B2-9061-3B73FD382C72}.DeployIsolated_HtmlFormatter_Debug|x86.ActiveCfg = Debug|Any CPU
		{91A26F23-2359-48B2-9061-3B73FD382C72}.DeployIsolated_HtmlFormatter_Debug|x86.Build.0 = Debug|Any CPU
		{91A26F23-2359-48B2-9061-3B73FD382C72}.Release|Any CPU.ActiveCfg = Release|Any CPU
		{91A26F23-2359-48B2-9061-3B73FD382C72}.Release|Any CPU.Build.0 = Release|Any CPU
		{91A26F23-2359-48B2-9061-3B73FD382C72}.Release|Mixed Platforms.ActiveCfg = Release|Any CPU
		{91A26F23-2359-48B2-9061-3B73FD382C72}.Release|Mixed Platforms.Build.0 = Release|Any CPU
		{91A26F23-2359-48B2-9061-3B73FD382C72}.Release|Win32.ActiveCfg = Release|Any CPU
		{91A26F23-2359-48B2-9061-3B73FD382C72}.Release|x64.ActiveCfg = Release|Any CPU
		{91A26F23-2359-48B2-9061-3B73FD382C72}.Release|x86.ActiveCfg = Release|Any CPU
		{5C4D1229-1114-470E-8A94-F07E0931F784}.Debug|Any CPU.ActiveCfg = Debug|Any CPU
		{5C4D1229-1114-470E-8A94-F07E0931F784}.Debug|Any CPU.Build.0 = Debug|Any CPU
		{5C4D1229-1114-470E-8A94-F07E0931F784}.Debug|Mixed Platforms.ActiveCfg = Debug|Any CPU
		{5C4D1229-1114-470E-8A94-F07E0931F784}.Debug|Mixed Platforms.Build.0 = Debug|Any CPU
		{5C4D1229-1114-470E-8A94-F07E0931F784}.Debug|Win32.ActiveCfg = Debug|Any CPU
		{5C4D1229-1114-470E-8A94-F07E0931F784}.Debug|x64.ActiveCfg = Debug|Any CPU
		{5C4D1229-1114-470E-8A94-F07E0931F784}.Debug|x86.ActiveCfg = Debug|Any CPU
		{5C4D1229-1114-470E-8A94-F07E0931F784}.DebugDemoForm|Any CPU.ActiveCfg = Debug|Any CPU
		{5C4D1229-1114-470E-8A94-F07E0931F784}.DebugDemoForm|Any CPU.Build.0 = Debug|Any CPU
		{5C4D1229-1114-470E-8A94-F07E0931F784}.DebugDemoForm|Mixed Platforms.ActiveCfg = Debug|Any CPU
		{5C4D1229-1114-470E-8A94-F07E0931F784}.DebugDemoForm|Mixed Platforms.Build.0 = Debug|Any CPU
		{5C4D1229-1114-470E-8A94-F07E0931F784}.DebugDemoForm|Win32.ActiveCfg = Debug|Any CPU
		{5C4D1229-1114-470E-8A94-F07E0931F784}.DebugDemoForm|Win32.Build.0 = Debug|Any CPU
		{5C4D1229-1114-470E-8A94-F07E0931F784}.DebugDemoForm|x64.ActiveCfg = Debug|Any CPU
		{5C4D1229-1114-470E-8A94-F07E0931F784}.DebugDemoForm|x64.Build.0 = Debug|Any CPU
		{5C4D1229-1114-470E-8A94-F07E0931F784}.DebugDemoForm|x86.ActiveCfg = Debug|Any CPU
		{5C4D1229-1114-470E-8A94-F07E0931F784}.DebugDemoForm|x86.Build.0 = Debug|Any CPU
		{5C4D1229-1114-470E-8A94-F07E0931F784}.DeployIsolated_HtmlFormatter_Debug|Any CPU.ActiveCfg = Debug|Any CPU
		{5C4D1229-1114-470E-8A94-F07E0931F784}.DeployIsolated_HtmlFormatter_Debug|Any CPU.Build.0 = Debug|Any CPU
		{5C4D1229-1114-470E-8A94-F07E0931F784}.DeployIsolated_HtmlFormatter_Debug|Mixed Platforms.ActiveCfg = Debug|Any CPU
		{5C4D1229-1114-470E-8A94-F07E0931F784}.DeployIsolated_HtmlFormatter_Debug|Mixed Platforms.Build.0 = Debug|Any CPU
		{5C4D1229-1114-470E-8A94-F07E0931F784}.DeployIsolated_HtmlFormatter_Debug|Win32.ActiveCfg = Debug|Any CPU
		{5C4D1229-1114-470E-8A94-F07E0931F784}.DeployIsolated_HtmlFormatter_Debug|Win32.Build.0 = Debug|Any CPU
		{5C4D1229-1114-470E-8A94-F07E0931F784}.DeployIsolated_HtmlFormatter_Debug|x64.ActiveCfg = Debug|Any CPU
		{5C4D1229-1114-470E-8A94-F07E0931F784}.DeployIsolated_HtmlFormatter_Debug|x64.Build.0 = Debug|Any CPU
		{5C4D1229-1114-470E-8A94-F07E0931F784}.DeployIsolated_HtmlFormatter_Debug|x86.ActiveCfg = Debug|Any CPU
		{5C4D1229-1114-470E-8A94-F07E0931F784}.DeployIsolated_HtmlFormatter_Debug|x86.Build.0 = Debug|Any CPU
		{5C4D1229-1114-470E-8A94-F07E0931F784}.Release|Any CPU.ActiveCfg = Release|Any CPU
		{5C4D1229-1114-470E-8A94-F07E0931F784}.Release|Any CPU.Build.0 = Release|Any CPU
		{5C4D1229-1114-470E-8A94-F07E0931F784}.Release|Mixed Platforms.ActiveCfg = Release|Any CPU
		{5C4D1229-1114-470E-8A94-F07E0931F784}.Release|Mixed Platforms.Build.0 = Release|Any CPU
		{5C4D1229-1114-470E-8A94-F07E0931F784}.Release|Win32.ActiveCfg = Release|Any CPU
		{5C4D1229-1114-470E-8A94-F07E0931F784}.Release|x64.ActiveCfg = Release|Any CPU
		{5C4D1229-1114-470E-8A94-F07E0931F784}.Release|x86.ActiveCfg = Release|Any CPU
		{965DD31A-E3B4-4086-A47F-DD7CA967A0CD}.Debug|Any CPU.ActiveCfg = Debug|Any CPU
		{965DD31A-E3B4-4086-A47F-DD7CA967A0CD}.Debug|Any CPU.Build.0 = Debug|Any CPU
		{965DD31A-E3B4-4086-A47F-DD7CA967A0CD}.Debug|Mixed Platforms.ActiveCfg = Debug|Any CPU
		{965DD31A-E3B4-4086-A47F-DD7CA967A0CD}.Debug|Mixed Platforms.Build.0 = Debug|Any CPU
		{965DD31A-E3B4-4086-A47F-DD7CA967A0CD}.Debug|Win32.ActiveCfg = Debug|Any CPU
		{965DD31A-E3B4-4086-A47F-DD7CA967A0CD}.Debug|x64.ActiveCfg = Debug|Any CPU
		{965DD31A-E3B4-4086-A47F-DD7CA967A0CD}.Debug|x86.ActiveCfg = Debug|Any CPU
		{965DD31A-E3B4-4086-A47F-DD7CA967A0CD}.DebugDemoForm|Any CPU.ActiveCfg = Debug|Any CPU
		{965DD31A-E3B4-4086-A47F-DD7CA967A0CD}.DebugDemoForm|Any CPU.Build.0 = Debug|Any CPU
		{965DD31A-E3B4-4086-A47F-DD7CA967A0CD}.DebugDemoForm|Mixed Platforms.ActiveCfg = Debug|Any CPU
		{965DD31A-E3B4-4086-A47F-DD7CA967A0CD}.DebugDemoForm|Mixed Platforms.Build.0 = Debug|Any CPU
		{965DD31A-E3B4-4086-A47F-DD7CA967A0CD}.DebugDemoForm|Win32.ActiveCfg = Debug|Any CPU
		{965DD31A-E3B4-4086-A47F-DD7CA967A0CD}.DebugDemoForm|Win32.Build.0 = Debug|Any CPU
		{965DD31A-E3B4-4086-A47F-DD7CA967A0CD}.DebugDemoForm|x64.ActiveCfg = Debug|Any CPU
		{965DD31A-E3B4-4086-A47F-DD7CA967A0CD}.DebugDemoForm|x64.Build.0 = Debug|Any CPU
		{965DD31A-E3B4-4086-A47F-DD7CA967A0CD}.DebugDemoForm|x86.ActiveCfg = Debug|Any CPU
		{965DD31A-E3B4-4086-A47F-DD7CA967A0CD}.DebugDemoForm|x86.Build.0 = Debug|Any CPU
		{965DD31A-E3B4-4086-A47F-DD7CA967A0CD}.DeployIsolated_HtmlFormatter_Debug|Any CPU.ActiveCfg = Debug|Any CPU
		{965DD31A-E3B4-4086-A47F-DD7CA967A0CD}.DeployIsolated_HtmlFormatter_Debug|Any CPU.Build.0 = Debug|Any CPU
		{965DD31A-E3B4-4086-A47F-DD7CA967A0CD}.DeployIsolated_HtmlFormatter_Debug|Mixed Platforms.ActiveCfg = Debug|Any CPU
		{965DD31A-E3B4-4086-A47F-DD7CA967A0CD}.DeployIsolated_HtmlFormatter_Debug|Mixed Platforms.Build.0 = Debug|Any CPU
		{965DD31A-E3B4-4086-A47F-DD7CA967A0CD}.DeployIsolated_HtmlFormatter_Debug|Win32.ActiveCfg = Debug|Any CPU
		{965DD31A-E3B4-4086-A47F-DD7CA967A0CD}.DeployIsolated_HtmlFormatter_Debug|Win32.Build.0 = Debug|Any CPU
		{965DD31A-E3B4-4086-A47F-DD7CA967A0CD}.DeployIsolated_HtmlFormatter_Debug|x64.ActiveCfg = Debug|Any CPU
		{965DD31A-E3B4-4086-A47F-DD7CA967A0CD}.DeployIsolated_HtmlFormatter_Debug|x64.Build.0 = Debug|Any CPU
		{965DD31A-E3B4-4086-A47F-DD7CA967A0CD}.DeployIsolated_HtmlFormatter_Debug|x86.ActiveCfg = Debug|Any CPU
		{965DD31A-E3B4-4086-A47F-DD7CA967A0CD}.DeployIsolated_HtmlFormatter_Debug|x86.Build.0 = Debug|Any CPU
		{965DD31A-E3B4-4086-A47F-DD7CA967A0CD}.Release|Any CPU.ActiveCfg = Release|Any CPU
		{965DD31A-E3B4-4086-A47F-DD7CA967A0CD}.Release|Any CPU.Build.0 = Release|Any CPU
		{965DD31A-E3B4-4086-A47F-DD7CA967A0CD}.Release|Mixed Platforms.ActiveCfg = Release|Any CPU
		{965DD31A-E3B4-4086-A47F-DD7CA967A0CD}.Release|Mixed Platforms.Build.0 = Release|Any CPU
		{965DD31A-E3B4-4086-A47F-DD7CA967A0CD}.Release|Win32.ActiveCfg = Release|Any CPU
		{965DD31A-E3B4-4086-A47F-DD7CA967A0CD}.Release|x64.ActiveCfg = Release|Any CPU
		{965DD31A-E3B4-4086-A47F-DD7CA967A0CD}.Release|x86.ActiveCfg = Release|Any CPU
		{F09F9E73-0994-4A20-B6D5-79675F959F41}.Debug|Any CPU.ActiveCfg = Debug|Any CPU
		{F09F9E73-0994-4A20-B6D5-79675F959F41}.Debug|Any CPU.Build.0 = Debug|Any CPU
		{F09F9E73-0994-4A20-B6D5-79675F959F41}.Debug|Mixed Platforms.ActiveCfg = Debug|Any CPU
		{F09F9E73-0994-4A20-B6D5-79675F959F41}.Debug|Mixed Platforms.Build.0 = Debug|Any CPU
		{F09F9E73-0994-4A20-B6D5-79675F959F41}.Debug|Win32.ActiveCfg = Debug|Any CPU
		{F09F9E73-0994-4A20-B6D5-79675F959F41}.Debug|x64.ActiveCfg = Debug|Any CPU
		{F09F9E73-0994-4A20-B6D5-79675F959F41}.Debug|x86.ActiveCfg = Debug|Any CPU
		{F09F9E73-0994-4A20-B6D5-79675F959F41}.DebugDemoForm|Any CPU.ActiveCfg = Debug|Any CPU
		{F09F9E73-0994-4A20-B6D5-79675F959F41}.DebugDemoForm|Any CPU.Build.0 = Debug|Any CPU
		{F09F9E73-0994-4A20-B6D5-79675F959F41}.DebugDemoForm|Mixed Platforms.ActiveCfg = Debug|Any CPU
		{F09F9E73-0994-4A20-B6D5-79675F959F41}.DebugDemoForm|Mixed Platforms.Build.0 = Debug|Any CPU
		{F09F9E73-0994-4A20-B6D5-79675F959F41}.DebugDemoForm|Win32.ActiveCfg = Debug|Any CPU
		{F09F9E73-0994-4A20-B6D5-79675F959F41}.DebugDemoForm|Win32.Build.0 = Debug|Any CPU
		{F09F9E73-0994-4A20-B6D5-79675F959F41}.DebugDemoForm|x64.ActiveCfg = Debug|Any CPU
		{F09F9E73-0994-4A20-B6D5-79675F959F41}.DebugDemoForm|x64.Build.0 = Debug|Any CPU
		{F09F9E73-0994-4A20-B6D5-79675F959F41}.DebugDemoForm|x86.ActiveCfg = Debug|Any CPU
		{F09F9E73-0994-4A20-B6D5-79675F959F41}.DebugDemoForm|x86.Build.0 = Debug|Any CPU
		{F09F9E73-0994-4A20-B6D5-79675F959F41}.DeployIsolated_HtmlFormatter_Debug|Any CPU.ActiveCfg = Debug|Any CPU
		{F09F9E73-0994-4A20-B6D5-79675F959F41}.DeployIsolated_HtmlFormatter_Debug|Any CPU.Build.0 = Debug|Any CPU
		{F09F9E73-0994-4A20-B6D5-79675F959F41}.DeployIsolated_HtmlFormatter_Debug|Mixed Platforms.ActiveCfg = Debug|Any CPU
		{F09F9E73-0994-4A20-B6D5-79675F959F41}.DeployIsolated_HtmlFormatter_Debug|Mixed Platforms.Build.0 = Debug|Any CPU
		{F09F9E73-0994-4A20-B6D5-79675F959F41}.DeployIsolated_HtmlFormatter_Debug|Win32.ActiveCfg = Debug|Any CPU
		{F09F9E73-0994-4A20-B6D5-79675F959F41}.DeployIsolated_HtmlFormatter_Debug|Win32.Build.0 = Debug|Any CPU
		{F09F9E73-0994-4A20-B6D5-79675F959F41}.DeployIsolated_HtmlFormatter_Debug|x64.ActiveCfg = Debug|Any CPU
		{F09F9E73-0994-4A20-B6D5-79675F959F41}.DeployIsolated_HtmlFormatter_Debug|x64.Build.0 = Debug|Any CPU
		{F09F9E73-0994-4A20-B6D5-79675F959F41}.DeployIsolated_HtmlFormatter_Debug|x86.ActiveCfg = Debug|Any CPU
		{F09F9E73-0994-4A20-B6D5-79675F959F41}.DeployIsolated_HtmlFormatter_Debug|x86.Build.0 = Debug|Any CPU
		{F09F9E73-0994-4A20-B6D5-79675F959F41}.Release|Any CPU.ActiveCfg = Release|Any CPU
		{F09F9E73-0994-4A20-B6D5-79675F959F41}.Release|Any CPU.Build.0 = Release|Any CPU
		{F09F9E73-0994-4A20-B6D5-79675F959F41}.Release|Mixed Platforms.ActiveCfg = Release|Any CPU
		{F09F9E73-0994-4A20-B6D5-79675F959F41}.Release|Mixed Platforms.Build.0 = Release|Any CPU
		{F09F9E73-0994-4A20-B6D5-79675F959F41}.Release|Win32.ActiveCfg = Release|Any CPU
		{F09F9E73-0994-4A20-B6D5-79675F959F41}.Release|x64.ActiveCfg = Release|Any CPU
		{F09F9E73-0994-4A20-B6D5-79675F959F41}.Release|x86.ActiveCfg = Release|Any CPU
		{72CE54FB-A6F7-4DA4-8506-E106EAF48076}.Debug|Any CPU.ActiveCfg = Debug|Any CPU
		{72CE54FB-A6F7-4DA4-8506-E106EAF48076}.Debug|Any CPU.Build.0 = Debug|Any CPU
		{72CE54FB-A6F7-4DA4-8506-E106EAF48076}.Debug|Mixed Platforms.ActiveCfg = Debug|Any CPU
		{72CE54FB-A6F7-4DA4-8506-E106EAF48076}.Debug|Mixed Platforms.Build.0 = Debug|Any CPU
		{72CE54FB-A6F7-4DA4-8506-E106EAF48076}.Debug|Win32.ActiveCfg = Debug|Any CPU
		{72CE54FB-A6F7-4DA4-8506-E106EAF48076}.Debug|x64.ActiveCfg = Debug|Any CPU
		{72CE54FB-A6F7-4DA4-8506-E106EAF48076}.Debug|x86.ActiveCfg = Debug|Any CPU
		{72CE54FB-A6F7-4DA4-8506-E106EAF48076}.DebugDemoForm|Any CPU.ActiveCfg = Debug|Any CPU
		{72CE54FB-A6F7-4DA4-8506-E106EAF48076}.DebugDemoForm|Any CPU.Build.0 = Debug|Any CPU
		{72CE54FB-A6F7-4DA4-8506-E106EAF48076}.DebugDemoForm|Mixed Platforms.ActiveCfg = Debug|Any CPU
		{72CE54FB-A6F7-4DA4-8506-E106EAF48076}.DebugDemoForm|Mixed Platforms.Build.0 = Debug|Any CPU
		{72CE54FB-A6F7-4DA4-8506-E106EAF48076}.DebugDemoForm|Win32.ActiveCfg = Debug|Any CPU
		{72CE54FB-A6F7-4DA4-8506-E106EAF48076}.DebugDemoForm|Win32.Build.0 = Debug|Any CPU
		{72CE54FB-A6F7-4DA4-8506-E106EAF48076}.DebugDemoForm|x64.ActiveCfg = Debug|Any CPU
		{72CE54FB-A6F7-4DA4-8506-E106EAF48076}.DebugDemoForm|x64.Build.0 = Debug|Any CPU
		{72CE54FB-A6F7-4DA4-8506-E106EAF48076}.DebugDemoForm|x86.ActiveCfg = Debug|Any CPU
		{72CE54FB-A6F7-4DA4-8506-E106EAF48076}.DebugDemoForm|x86.Build.0 = Debug|Any CPU
		{72CE54FB-A6F7-4DA4-8506-E106EAF48076}.DeployIsolated_HtmlFormatter_Debug|Any CPU.ActiveCfg = Debug|Any CPU
		{72CE54FB-A6F7-4DA4-8506-E106EAF48076}.DeployIsolated_HtmlFormatter_Debug|Any CPU.Build.0 = Debug|Any CPU
		{72CE54FB-A6F7-4DA4-8506-E106EAF48076}.DeployIsolated_HtmlFormatter_Debug|Mixed Platforms.ActiveCfg = Debug|Any CPU
		{72CE54FB-A6F7-4DA4-8506-E106EAF48076}.DeployIsolated_HtmlFormatter_Debug|Mixed Platforms.Build.0 = Debug|Any CPU
		{72CE54FB-A6F7-4DA4-8506-E106EAF48076}.DeployIsolated_HtmlFormatter_Debug|Win32.ActiveCfg = Debug|Any CPU
		{72CE54FB-A6F7-4DA4-8506-E106EAF48076}.DeployIsolated_HtmlFormatter_Debug|Win32.Build.0 = Debug|Any CPU
		{72CE54FB-A6F7-4DA4-8506-E106EAF48076}.DeployIsolated_HtmlFormatter_Debug|x64.ActiveCfg = Debug|Any CPU
		{72CE54FB-A6F7-4DA4-8506-E106EAF48076}.DeployIsolated_HtmlFormatter_Debug|x64.Build.0 = Debug|Any CPU
		{72CE54FB-A6F7-4DA4-8506-E106EAF48076}.DeployIsolated_HtmlFormatter_Debug|x86.ActiveCfg = Debug|Any CPU
		{72CE54FB-A6F7-4DA4-8506-E106EAF48076}.DeployIsolated_HtmlFormatter_Debug|x86.Build.0 = Debug|Any CPU
		{72CE54FB-A6F7-4DA4-8506-E106EAF48076}.Release|Any CPU.ActiveCfg = Release|Any CPU
		{72CE54FB-A6F7-4DA4-8506-E106EAF48076}.Release|Any CPU.Build.0 = Release|Any CPU
		{72CE54FB-A6F7-4DA4-8506-E106EAF48076}.Release|Mixed Platforms.ActiveCfg = Release|Any CPU
		{72CE54FB-A6F7-4DA4-8506-E106EAF48076}.Release|Mixed Platforms.Build.0 = Release|Any CPU
		{72CE54FB-A6F7-4DA4-8506-E106EAF48076}.Release|Win32.ActiveCfg = Release|Any CPU
		{72CE54FB-A6F7-4DA4-8506-E106EAF48076}.Release|x64.ActiveCfg = Release|Any CPU
		{72CE54FB-A6F7-4DA4-8506-E106EAF48076}.Release|x86.ActiveCfg = Release|Any CPU
		{3D7A48C5-23DF-4968-8D15-2FC55C091F1E}.Debug|Any CPU.ActiveCfg = Debug|Any CPU
		{3D7A48C5-23DF-4968-8D15-2FC55C091F1E}.Debug|Any CPU.Build.0 = Debug|Any CPU
		{3D7A48C5-23DF-4968-8D15-2FC55C091F1E}.Debug|Mixed Platforms.ActiveCfg = Debug|Any CPU
		{3D7A48C5-23DF-4968-8D15-2FC55C091F1E}.Debug|Mixed Platforms.Build.0 = Debug|Any CPU
		{3D7A48C5-23DF-4968-8D15-2FC55C091F1E}.Debug|Win32.ActiveCfg = Debug|Any CPU
		{3D7A48C5-23DF-4968-8D15-2FC55C091F1E}.Debug|x64.ActiveCfg = Debug|Any CPU
		{3D7A48C5-23DF-4968-8D15-2FC55C091F1E}.Debug|x86.ActiveCfg = Debug|Any CPU
		{3D7A48C5-23DF-4968-8D15-2FC55C091F1E}.DebugDemoForm|Any CPU.ActiveCfg = Debug|Any CPU
		{3D7A48C5-23DF-4968-8D15-2FC55C091F1E}.DebugDemoForm|Any CPU.Build.0 = Debug|Any CPU
		{3D7A48C5-23DF-4968-8D15-2FC55C091F1E}.DebugDemoForm|Mixed Platforms.ActiveCfg = Debug|Any CPU
		{3D7A48C5-23DF-4968-8D15-2FC55C091F1E}.DebugDemoForm|Mixed Platforms.Build.0 = Debug|Any CPU
		{3D7A48C5-23DF-4968-8D15-2FC55C091F1E}.DebugDemoForm|Win32.ActiveCfg = Debug|Any CPU
		{3D7A48C5-23DF-4968-8D15-2FC55C091F1E}.DebugDemoForm|Win32.Build.0 = Debug|Any CPU
		{3D7A48C5-23DF-4968-8D15-2FC55C091F1E}.DebugDemoForm|x64.ActiveCfg = Debug|Any CPU
		{3D7A48C5-23DF-4968-8D15-2FC55C091F1E}.DebugDemoForm|x64.Build.0 = Debug|Any CPU
		{3D7A48C5-23DF-4968-8D15-2FC55C091F1E}.DebugDemoForm|x86.ActiveCfg = Debug|Any CPU
		{3D7A48C5-23DF-4968-8D15-2FC55C091F1E}.DebugDemoForm|x86.Build.0 = Debug|Any CPU
		{3D7A48C5-23DF-4968-8D15-2FC55C091F1E}.DeployIsolated_HtmlFormatter_Debug|Any CPU.ActiveCfg = Debug|Any CPU
		{3D7A48C5-23DF-4968-8D15-2FC55C091F1E}.DeployIsolated_HtmlFormatter_Debug|Any CPU.Build.0 = Debug|Any CPU
		{3D7A48C5-23DF-4968-8D15-2FC55C091F1E}.DeployIsolated_HtmlFormatter_Debug|Mixed Platforms.ActiveCfg = Debug|Any CPU
		{3D7A48C5-23DF-4968-8D15-2FC55C091F1E}.DeployIsolated_HtmlFormatter_Debug|Mixed Platforms.Build.0 = Debug|Any CPU
		{3D7A48C5-23DF-4968-8D15-2FC55C091F1E}.DeployIsolated_HtmlFormatter_Debug|Win32.ActiveCfg = Debug|Any CPU
		{3D7A48C5-23DF-4968-8D15-2FC55C091F1E}.DeployIsolated_HtmlFormatter_Debug|Win32.Build.0 = Debug|Any CPU
		{3D7A48C5-23DF-4968-8D15-2FC55C091F1E}.DeployIsolated_HtmlFormatter_Debug|x64.ActiveCfg = Debug|Any CPU
		{3D7A48C5-23DF-4968-8D15-2FC55C091F1E}.DeployIsolated_HtmlFormatter_Debug|x64.Build.0 = Debug|Any CPU
		{3D7A48C5-23DF-4968-8D15-2FC55C091F1E}.DeployIsolated_HtmlFormatter_Debug|x86.ActiveCfg = Debug|Any CPU
		{3D7A48C5-23DF-4968-8D15-2FC55C091F1E}.DeployIsolated_HtmlFormatter_Debug|x86.Build.0 = Debug|Any CPU
		{3D7A48C5-23DF-4968-8D15-2FC55C091F1E}.Release|Any CPU.ActiveCfg = Release|Any CPU
		{3D7A48C5-23DF-4968-8D15-2FC55C091F1E}.Release|Any CPU.Build.0 = Release|Any CPU
		{3D7A48C5-23DF-4968-8D15-2FC55C091F1E}.Release|Mixed Platforms.ActiveCfg = Release|Any CPU
		{3D7A48C5-23DF-4968-8D15-2FC55C091F1E}.Release|Mixed Platforms.Build.0 = Release|Any CPU
		{3D7A48C5-23DF-4968-8D15-2FC55C091F1E}.Release|Win32.ActiveCfg = Release|Any CPU
		{3D7A48C5-23DF-4968-8D15-2FC55C091F1E}.Release|x64.ActiveCfg = Release|Any CPU
		{3D7A48C5-23DF-4968-8D15-2FC55C091F1E}.Release|x86.ActiveCfg = Release|Any CPU
		{1C2F074F-D062-4DBD-A8B2-3133E9787E04}.Debug|Any CPU.ActiveCfg = Debug|Any CPU
		{1C2F074F-D062-4DBD-A8B2-3133E9787E04}.Debug|Any CPU.Build.0 = Debug|Any CPU
		{1C2F074F-D062-4DBD-A8B2-3133E9787E04}.Debug|Mixed Platforms.ActiveCfg = Debug|Any CPU
		{1C2F074F-D062-4DBD-A8B2-3133E9787E04}.Debug|Mixed Platforms.Build.0 = Debug|Any CPU
		{1C2F074F-D062-4DBD-A8B2-3133E9787E04}.Debug|Win32.ActiveCfg = Debug|Any CPU
		{1C2F074F-D062-4DBD-A8B2-3133E9787E04}.Debug|x64.ActiveCfg = Debug|Any CPU
		{1C2F074F-D062-4DBD-A8B2-3133E9787E04}.Debug|x86.ActiveCfg = Debug|Any CPU
		{1C2F074F-D062-4DBD-A8B2-3133E9787E04}.DebugDemoForm|Any CPU.ActiveCfg = Debug|Any CPU
		{1C2F074F-D062-4DBD-A8B2-3133E9787E04}.DebugDemoForm|Any CPU.Build.0 = Debug|Any CPU
		{1C2F074F-D062-4DBD-A8B2-3133E9787E04}.DebugDemoForm|Mixed Platforms.ActiveCfg = Debug|Any CPU
		{1C2F074F-D062-4DBD-A8B2-3133E9787E04}.DebugDemoForm|Mixed Platforms.Build.0 = Debug|Any CPU
		{1C2F074F-D062-4DBD-A8B2-3133E9787E04}.DebugDemoForm|Win32.ActiveCfg = Debug|Any CPU
		{1C2F074F-D062-4DBD-A8B2-3133E9787E04}.DebugDemoForm|Win32.Build.0 = Debug|Any CPU
		{1C2F074F-D062-4DBD-A8B2-3133E9787E04}.DebugDemoForm|x64.ActiveCfg = Debug|Any CPU
		{1C2F074F-D062-4DBD-A8B2-3133E9787E04}.DebugDemoForm|x64.Build.0 = Debug|Any CPU
		{1C2F074F-D062-4DBD-A8B2-3133E9787E04}.DebugDemoForm|x86.ActiveCfg = Debug|Any CPU
		{1C2F074F-D062-4DBD-A8B2-3133E9787E04}.DebugDemoForm|x86.Build.0 = Debug|Any CPU
		{1C2F074F-D062-4DBD-A8B2-3133E9787E04}.DeployIsolated_HtmlFormatter_Debug|Any CPU.ActiveCfg = Debug|Any CPU
		{1C2F074F-D062-4DBD-A8B2-3133E9787E04}.DeployIsolated_HtmlFormatter_Debug|Any CPU.Build.0 = Debug|Any CPU
		{1C2F074F-D062-4DBD-A8B2-3133E9787E04}.DeployIsolated_HtmlFormatter_Debug|Mixed Platforms.ActiveCfg = Debug|Any CPU
		{1C2F074F-D062-4DBD-A8B2-3133E9787E04}.DeployIsolated_HtmlFormatter_Debug|Mixed Platforms.Build.0 = Debug|Any CPU
		{1C2F074F-D062-4DBD-A8B2-3133E9787E04}.DeployIsolated_HtmlFormatter_Debug|Win32.ActiveCfg = Debug|Any CPU
		{1C2F074F-D062-4DBD-A8B2-3133E9787E04}.DeployIsolated_HtmlFormatter_Debug|Win32.Build.0 = Debug|Any CPU
		{1C2F074F-D062-4DBD-A8B2-3133E9787E04}.DeployIsolated_HtmlFormatter_Debug|x64.ActiveCfg = Debug|Any CPU
		{1C2F074F-D062-4DBD-A8B2-3133E9787E04}.DeployIsolated_HtmlFormatter_Debug|x64.Build.0 = Debug|Any CPU
		{1C2F074F-D062-4DBD-A8B2-3133E9787E04}.DeployIsolated_HtmlFormatter_Debug|x86.ActiveCfg = Debug|Any CPU
		{1C2F074F-D062-4DBD-A8B2-3133E9787E04}.DeployIsolated_HtmlFormatter_Debug|x86.Build.0 = Debug|Any CPU
		{1C2F074F-D062-4DBD-A8B2-3133E9787E04}.Release|Any CPU.ActiveCfg = Release|Any CPU
		{1C2F074F-D062-4DBD-A8B2-3133E9787E04}.Release|Any CPU.Build.0 = Release|Any CPU
		{1C2F074F-D062-4DBD-A8B2-3133E9787E04}.Release|Mixed Platforms.ActiveCfg = Release|Any CPU
		{1C2F074F-D062-4DBD-A8B2-3133E9787E04}.Release|Mixed Platforms.Build.0 = Release|Any CPU
		{1C2F074F-D062-4DBD-A8B2-3133E9787E04}.Release|Win32.ActiveCfg = Release|Any CPU
		{1C2F074F-D062-4DBD-A8B2-3133E9787E04}.Release|x64.ActiveCfg = Release|Any CPU
		{1C2F074F-D062-4DBD-A8B2-3133E9787E04}.Release|x86.ActiveCfg = Release|Any CPU
		{6F4AAFEE-3A1F-4D43-953E-F3E26F48C2F3}.Debug|Any CPU.ActiveCfg = Debug|Any CPU
		{6F4AAFEE-3A1F-4D43-953E-F3E26F48C2F3}.Debug|Any CPU.Build.0 = Debug|Any CPU
		{6F4AAFEE-3A1F-4D43-953E-F3E26F48C2F3}.Debug|Mixed Platforms.ActiveCfg = Debug|Any CPU
		{6F4AAFEE-3A1F-4D43-953E-F3E26F48C2F3}.Debug|Mixed Platforms.Build.0 = Debug|Any CPU
		{6F4AAFEE-3A1F-4D43-953E-F3E26F48C2F3}.Debug|Win32.ActiveCfg = Debug|Any CPU
		{6F4AAFEE-3A1F-4D43-953E-F3E26F48C2F3}.Debug|x64.ActiveCfg = Debug|Any CPU
		{6F4AAFEE-3A1F-4D43-953E-F3E26F48C2F3}.Debug|x86.ActiveCfg = Debug|Any CPU
		{6F4AAFEE-3A1F-4D43-953E-F3E26F48C2F3}.DebugDemoForm|Any CPU.ActiveCfg = Debug|Any CPU
		{6F4AAFEE-3A1F-4D43-953E-F3E26F48C2F3}.DebugDemoForm|Any CPU.Build.0 = Debug|Any CPU
		{6F4AAFEE-3A1F-4D43-953E-F3E26F48C2F3}.DebugDemoForm|Mixed Platforms.ActiveCfg = Debug|Any CPU
		{6F4AAFEE-3A1F-4D43-953E-F3E26F48C2F3}.DebugDemoForm|Mixed Platforms.Build.0 = Debug|Any CPU
		{6F4AAFEE-3A1F-4D43-953E-F3E26F48C2F3}.DebugDemoForm|Win32.ActiveCfg = Debug|Any CPU
		{6F4AAFEE-3A1F-4D43-953E-F3E26F48C2F3}.DebugDemoForm|x64.ActiveCfg = Debug|Any CPU
		{6F4AAFEE-3A1F-4D43-953E-F3E26F48C2F3}.DebugDemoForm|x86.ActiveCfg = Debug|Any CPU
		{6F4AAFEE-3A1F-4D43-953E-F3E26F48C2F3}.DeployIsolated_HtmlFormatter_Debug|Any CPU.ActiveCfg = Debug|Any CPU
		{6F4AAFEE-3A1F-4D43-953E-F3E26F48C2F3}.DeployIsolated_HtmlFormatter_Debug|Any CPU.Build.0 = Debug|Any CPU
		{6F4AAFEE-3A1F-4D43-953E-F3E26F48C2F3}.DeployIsolated_HtmlFormatter_Debug|Mixed Platforms.ActiveCfg = Debug|Any CPU
		{6F4AAFEE-3A1F-4D43-953E-F3E26F48C2F3}.DeployIsolated_HtmlFormatter_Debug|Mixed Platforms.Build.0 = Debug|Any CPU
		{6F4AAFEE-3A1F-4D43-953E-F3E26F48C2F3}.DeployIsolated_HtmlFormatter_Debug|Win32.ActiveCfg = Debug|Any CPU
		{6F4AAFEE-3A1F-4D43-953E-F3E26F48C2F3}.DeployIsolated_HtmlFormatter_Debug|x64.ActiveCfg = Debug|Any CPU
		{6F4AAFEE-3A1F-4D43-953E-F3E26F48C2F3}.DeployIsolated_HtmlFormatter_Debug|x86.ActiveCfg = Debug|Any CPU
		{6F4AAFEE-3A1F-4D43-953E-F3E26F48C2F3}.Release|Any CPU.ActiveCfg = Release|Any CPU
		{6F4AAFEE-3A1F-4D43-953E-F3E26F48C2F3}.Release|Any CPU.Build.0 = Release|Any CPU
		{6F4AAFEE-3A1F-4D43-953E-F3E26F48C2F3}.Release|Mixed Platforms.ActiveCfg = Release|Any CPU
		{6F4AAFEE-3A1F-4D43-953E-F3E26F48C2F3}.Release|Mixed Platforms.Build.0 = Release|Any CPU
		{6F4AAFEE-3A1F-4D43-953E-F3E26F48C2F3}.Release|Win32.ActiveCfg = Release|Any CPU
		{6F4AAFEE-3A1F-4D43-953E-F3E26F48C2F3}.Release|x64.ActiveCfg = Release|Any CPU
		{6F4AAFEE-3A1F-4D43-953E-F3E26F48C2F3}.Release|x86.ActiveCfg = Release|Any CPU
		{0D4F3C14-B605-4471-B581-79784A89675C}.Debug|Any CPU.ActiveCfg = Debug|Any CPU
		{0D4F3C14-B605-4471-B581-79784A89675C}.Debug|Any CPU.Build.0 = Debug|Any CPU
		{0D4F3C14-B605-4471-B581-79784A89675C}.Debug|Mixed Platforms.ActiveCfg = Debug|Any CPU
		{0D4F3C14-B605-4471-B581-79784A89675C}.Debug|Mixed Platforms.Build.0 = Debug|Any CPU
		{0D4F3C14-B605-4471-B581-79784A89675C}.Debug|Win32.ActiveCfg = Debug|Any CPU
		{0D4F3C14-B605-4471-B581-79784A89675C}.Debug|x64.ActiveCfg = Debug|Any CPU
		{0D4F3C14-B605-4471-B581-79784A89675C}.Debug|x86.ActiveCfg = Debug|Any CPU
		{0D4F3C14-B605-4471-B581-79784A89675C}.DebugDemoForm|Any CPU.ActiveCfg = Debug|Any CPU
		{0D4F3C14-B605-4471-B581-79784A89675C}.DebugDemoForm|Any CPU.Build.0 = Debug|Any CPU
		{0D4F3C14-B605-4471-B581-79784A89675C}.DebugDemoForm|Mixed Platforms.ActiveCfg = Debug|Any CPU
		{0D4F3C14-B605-4471-B581-79784A89675C}.DebugDemoForm|Mixed Platforms.Build.0 = Debug|Any CPU
		{0D4F3C14-B605-4471-B581-79784A89675C}.DebugDemoForm|Win32.ActiveCfg = Debug|Any CPU
		{0D4F3C14-B605-4471-B581-79784A89675C}.DebugDemoForm|x64.ActiveCfg = Debug|Any CPU
		{0D4F3C14-B605-4471-B581-79784A89675C}.DebugDemoForm|x86.ActiveCfg = Debug|Any CPU
		{0D4F3C14-B605-4471-B581-79784A89675C}.DeployIsolated_HtmlFormatter_Debug|Any CPU.ActiveCfg = Debug|Any CPU
		{0D4F3C14-B605-4471-B581-79784A89675C}.DeployIsolated_HtmlFormatter_Debug|Any CPU.Build.0 = Debug|Any CPU
		{0D4F3C14-B605-4471-B581-79784A89675C}.DeployIsolated_HtmlFormatter_Debug|Mixed Platforms.ActiveCfg = Debug|Any CPU
		{0D4F3C14-B605-4471-B581-79784A89675C}.DeployIsolated_HtmlFormatter_Debug|Mixed Platforms.Build.0 = Debug|Any CPU
		{0D4F3C14-B605-4471-B581-79784A89675C}.DeployIsolated_HtmlFormatter_Debug|Win32.ActiveCfg = Debug|Any CPU
		{0D4F3C14-B605-4471-B581-79784A89675C}.DeployIsolated_HtmlFormatter_Debug|x64.ActiveCfg = Debug|Any CPU
		{0D4F3C14-B605-4471-B581-79784A89675C}.DeployIsolated_HtmlFormatter_Debug|x86.ActiveCfg = Debug|Any CPU
		{0D4F3C14-B605-4471-B581-79784A89675C}.Release|Any CPU.ActiveCfg = Release|Any CPU
		{0D4F3C14-B605-4471-B581-79784A89675C}.Release|Any CPU.Build.0 = Release|Any CPU
		{0D4F3C14-B605-4471-B581-79784A89675C}.Release|Mixed Platforms.ActiveCfg = Release|Any CPU
		{0D4F3C14-B605-4471-B581-79784A89675C}.Release|Mixed Platforms.Build.0 = Release|Any CPU
		{0D4F3C14-B605-4471-B581-79784A89675C}.Release|Win32.ActiveCfg = Release|Any CPU
		{0D4F3C14-B605-4471-B581-79784A89675C}.Release|x64.ActiveCfg = Release|Any CPU
		{0D4F3C14-B605-4471-B581-79784A89675C}.Release|x86.ActiveCfg = Release|Any CPU
		{C75532C4-765B-418E-B09B-46D36B2ABDB1}.Debug|Any CPU.ActiveCfg = Debug|Any CPU
		{C75532C4-765B-418E-B09B-46D36B2ABDB1}.Debug|Any CPU.Build.0 = Debug|Any CPU
		{C75532C4-765B-418E-B09B-46D36B2ABDB1}.Debug|Mixed Platforms.ActiveCfg = Debug|Any CPU
		{C75532C4-765B-418E-B09B-46D36B2ABDB1}.Debug|Mixed Platforms.Build.0 = Debug|Any CPU
		{C75532C4-765B-418E-B09B-46D36B2ABDB1}.Debug|Win32.ActiveCfg = Debug|Any CPU
		{C75532C4-765B-418E-B09B-46D36B2ABDB1}.Debug|x64.ActiveCfg = Debug|Any CPU
		{C75532C4-765B-418E-B09B-46D36B2ABDB1}.Debug|x86.ActiveCfg = Debug|Any CPU
		{C75532C4-765B-418E-B09B-46D36B2ABDB1}.DebugDemoForm|Any CPU.ActiveCfg = Debug|Any CPU
		{C75532C4-765B-418E-B09B-46D36B2ABDB1}.DebugDemoForm|Any CPU.Build.0 = Debug|Any CPU
		{C75532C4-765B-418E-B09B-46D36B2ABDB1}.DebugDemoForm|Mixed Platforms.ActiveCfg = Debug|Any CPU
		{C75532C4-765B-418E-B09B-46D36B2ABDB1}.DebugDemoForm|Mixed Platforms.Build.0 = Debug|Any CPU
		{C75532C4-765B-418E-B09B-46D36B2ABDB1}.DebugDemoForm|Win32.ActiveCfg = Debug|Any CPU
		{C75532C4-765B-418E-B09B-46D36B2ABDB1}.DebugDemoForm|x64.ActiveCfg = Debug|Any CPU
		{C75532C4-765B-418E-B09B-46D36B2ABDB1}.DebugDemoForm|x86.ActiveCfg = Debug|Any CPU
		{C75532C4-765B-418E-B09B-46D36B2ABDB1}.DeployIsolated_HtmlFormatter_Debug|Any CPU.ActiveCfg = Debug|Any CPU
		{C75532C4-765B-418E-B09B-46D36B2ABDB1}.DeployIsolated_HtmlFormatter_Debug|Any CPU.Build.0 = Debug|Any CPU
		{C75532C4-765B-418E-B09B-46D36B2ABDB1}.DeployIsolated_HtmlFormatter_Debug|Mixed Platforms.ActiveCfg = Debug|Any CPU
		{C75532C4-765B-418E-B09B-46D36B2ABDB1}.DeployIsolated_HtmlFormatter_Debug|Mixed Platforms.Build.0 = Debug|Any CPU
		{C75532C4-765B-418E-B09B-46D36B2ABDB1}.DeployIsolated_HtmlFormatter_Debug|Win32.ActiveCfg = Debug|Any CPU
		{C75532C4-765B-418E-B09B-46D36B2ABDB1}.DeployIsolated_HtmlFormatter_Debug|x64.ActiveCfg = Debug|Any CPU
		{C75532C4-765B-418E-B09B-46D36B2ABDB1}.DeployIsolated_HtmlFormatter_Debug|x86.ActiveCfg = Debug|Any CPU
		{C75532C4-765B-418E-B09B-46D36B2ABDB1}.Release|Any CPU.ActiveCfg = Release|Any CPU
		{C75532C4-765B-418E-B09B-46D36B2ABDB1}.Release|Any CPU.Build.0 = Release|Any CPU
		{C75532C4-765B-418E-B09B-46D36B2ABDB1}.Release|Mixed Platforms.ActiveCfg = Release|Any CPU
		{C75532C4-765B-418E-B09B-46D36B2ABDB1}.Release|Mixed Platforms.Build.0 = Release|Any CPU
		{C75532C4-765B-418E-B09B-46D36B2ABDB1}.Release|Win32.ActiveCfg = Release|Any CPU
		{C75532C4-765B-418E-B09B-46D36B2ABDB1}.Release|x64.ActiveCfg = Release|Any CPU
		{C75532C4-765B-418E-B09B-46D36B2ABDB1}.Release|x86.ActiveCfg = Release|Any CPU
		{577F8DE5-05BB-4C2F-B640-B06DBEE89FD7}.Debug|Any CPU.ActiveCfg = Debug|Any CPU
		{577F8DE5-05BB-4C2F-B640-B06DBEE89FD7}.Debug|Any CPU.Build.0 = Debug|Any CPU
		{577F8DE5-05BB-4C2F-B640-B06DBEE89FD7}.Debug|Mixed Platforms.ActiveCfg = Debug|Any CPU
		{577F8DE5-05BB-4C2F-B640-B06DBEE89FD7}.Debug|Mixed Platforms.Build.0 = Debug|Any CPU
		{577F8DE5-05BB-4C2F-B640-B06DBEE89FD7}.Debug|Win32.ActiveCfg = Debug|Any CPU
		{577F8DE5-05BB-4C2F-B640-B06DBEE89FD7}.Debug|Win32.Build.0 = Debug|Any CPU
		{577F8DE5-05BB-4C2F-B640-B06DBEE89FD7}.Debug|x64.ActiveCfg = Debug|Any CPU
		{577F8DE5-05BB-4C2F-B640-B06DBEE89FD7}.Debug|x64.Build.0 = Debug|Any CPU
		{577F8DE5-05BB-4C2F-B640-B06DBEE89FD7}.Debug|x86.ActiveCfg = Debug|Any CPU
		{577F8DE5-05BB-4C2F-B640-B06DBEE89FD7}.Debug|x86.Build.0 = Debug|Any CPU
		{577F8DE5-05BB-4C2F-B640-B06DBEE89FD7}.DebugDemoForm|Any CPU.ActiveCfg = Debug|Any CPU
		{577F8DE5-05BB-4C2F-B640-B06DBEE89FD7}.DebugDemoForm|Any CPU.Build.0 = Debug|Any CPU
		{577F8DE5-05BB-4C2F-B640-B06DBEE89FD7}.DebugDemoForm|Mixed Platforms.ActiveCfg = Debug|Any CPU
		{577F8DE5-05BB-4C2F-B640-B06DBEE89FD7}.DebugDemoForm|Mixed Platforms.Build.0 = Debug|Any CPU
		{577F8DE5-05BB-4C2F-B640-B06DBEE89FD7}.DebugDemoForm|Win32.ActiveCfg = Debug|Any CPU
		{577F8DE5-05BB-4C2F-B640-B06DBEE89FD7}.DebugDemoForm|Win32.Build.0 = Debug|Any CPU
		{577F8DE5-05BB-4C2F-B640-B06DBEE89FD7}.DebugDemoForm|x64.ActiveCfg = Debug|Any CPU
		{577F8DE5-05BB-4C2F-B640-B06DBEE89FD7}.DebugDemoForm|x64.Build.0 = Debug|Any CPU
		{577F8DE5-05BB-4C2F-B640-B06DBEE89FD7}.DebugDemoForm|x86.ActiveCfg = Debug|Any CPU
		{577F8DE5-05BB-4C2F-B640-B06DBEE89FD7}.DebugDemoForm|x86.Build.0 = Debug|Any CPU
		{577F8DE5-05BB-4C2F-B640-B06DBEE89FD7}.DeployIsolated_HtmlFormatter_Debug|Any CPU.ActiveCfg = Debug|Any CPU
		{577F8DE5-05BB-4C2F-B640-B06DBEE89FD7}.DeployIsolated_HtmlFormatter_Debug|Any CPU.Build.0 = Debug|Any CPU
		{577F8DE5-05BB-4C2F-B640-B06DBEE89FD7}.DeployIsolated_HtmlFormatter_Debug|Mixed Platforms.ActiveCfg = Debug|Any CPU
		{577F8DE5-05BB-4C2F-B640-B06DBEE89FD7}.DeployIsolated_HtmlFormatter_Debug|Mixed Platforms.Build.0 = Debug|Any CPU
		{577F8DE5-05BB-4C2F-B640-B06DBEE89FD7}.DeployIsolated_HtmlFormatter_Debug|Win32.ActiveCfg = Debug|Any CPU
		{577F8DE5-05BB-4C2F-B640-B06DBEE89FD7}.DeployIsolated_HtmlFormatter_Debug|Win32.Build.0 = Debug|Any CPU
		{577F8DE5-05BB-4C2F-B640-B06DBEE89FD7}.DeployIsolated_HtmlFormatter_Debug|x64.ActiveCfg = Debug|Any CPU
		{577F8DE5-05BB-4C2F-B640-B06DBEE89FD7}.DeployIsolated_HtmlFormatter_Debug|x64.Build.0 = Debug|Any CPU
		{577F8DE5-05BB-4C2F-B640-B06DBEE89FD7}.DeployIsolated_HtmlFormatter_Debug|x86.ActiveCfg = Debug|Any CPU
		{577F8DE5-05BB-4C2F-B640-B06DBEE89FD7}.DeployIsolated_HtmlFormatter_Debug|x86.Build.0 = Debug|Any CPU
		{577F8DE5-05BB-4C2F-B640-B06DBEE89FD7}.Release|Any CPU.ActiveCfg = Release|Any CPU
		{577F8DE5-05BB-4C2F-B640-B06DBEE89FD7}.Release|Any CPU.Build.0 = Release|Any CPU
		{577F8DE5-05BB-4C2F-B640-B06DBEE89FD7}.Release|Mixed Platforms.ActiveCfg = Release|Any CPU
		{577F8DE5-05BB-4C2F-B640-B06DBEE89FD7}.Release|Mixed Platforms.Build.0 = Release|Any CPU
		{577F8DE5-05BB-4C2F-B640-B06DBEE89FD7}.Release|Win32.ActiveCfg = Release|Any CPU
		{577F8DE5-05BB-4C2F-B640-B06DBEE89FD7}.Release|Win32.Build.0 = Release|Any CPU
		{577F8DE5-05BB-4C2F-B640-B06DBEE89FD7}.Release|x64.ActiveCfg = Release|Any CPU
		{577F8DE5-05BB-4C2F-B640-B06DBEE89FD7}.Release|x64.Build.0 = Release|Any CPU
		{577F8DE5-05BB-4C2F-B640-B06DBEE89FD7}.Release|x86.ActiveCfg = Release|Any CPU
		{577F8DE5-05BB-4C2F-B640-B06DBEE89FD7}.Release|x86.Build.0 = Release|Any CPU
	EndGlobalSection
	GlobalSection(SolutionProperties) = preSolution
		HideSolutionNode = FALSE
	EndGlobalSection
	GlobalSection(NestedProjects) = preSolution
		{D3701F49-5C3C-46BF-8484-3A46D547A564} = {00D0CD46-7945-4E72-86BB-1B49197A68B3}
		{4485FB2D-3AE5-4F7E-A1CB-A334B2EC9D16} = {00D0CD46-7945-4E72-86BB-1B49197A68B3}
		{91A26F23-2359-48B2-9061-3B73FD382C72} = {00D0CD46-7945-4E72-86BB-1B49197A68B3}
		{5C4D1229-1114-470E-8A94-F07E0931F784} = {00D0CD46-7945-4E72-86BB-1B49197A68B3}
		{965DD31A-E3B4-4086-A47F-DD7CA967A0CD} = {00D0CD46-7945-4E72-86BB-1B49197A68B3}
		{F09F9E73-0994-4A20-B6D5-79675F959F41} = {D3701F49-5C3C-46BF-8484-3A46D547A564}
		{72CE54FB-A6F7-4DA4-8506-E106EAF48076} = {D3701F49-5C3C-46BF-8484-3A46D547A564}
		{3D7A48C5-23DF-4968-8D15-2FC55C091F1E} = {D3701F49-5C3C-46BF-8484-3A46D547A564}
		{1C2F074F-D062-4DBD-A8B2-3133E9787E04} = {D3701F49-5C3C-46BF-8484-3A46D547A564}
		{6F4AAFEE-3A1F-4D43-953E-F3E26F48C2F3} = {A4D3E16B-F831-42F1-8E66-938FE96220DA}
		{0D4F3C14-B605-4471-B581-79784A89675C} = {A4D3E16B-F831-42F1-8E66-938FE96220DA}
		{C75532C4-765B-418E-B09B-46D36B2ABDB1} = {A4D3E16B-F831-42F1-8E66-938FE96220DA}
	EndGlobalSection
	GlobalSection(SubversionScc) = preSolution
		Svn-Managed = True
		Manager = AnkhSVN - Subversion Support for Visual Studio
	EndGlobalSection
EndGlobal
