
Microsoft Visual Studio Solution File, Format Version 11.00
# Visual Studio 2010
Project("{2150E333-8FDC-42A3-9474-1A3956D46DE8}") = "Netrix", "Netrix", "{00D0CD46-7945-4E72-86BB-1B49197A68B3}"
EndProject
Project("{2150E333-8FDC-42A3-9474-1A3956D46DE8}") = "Plugins", "Plugins", "{D3701F49-5C3C-46BF-8484-3A46D547A564}"
EndProject
Project("{8BC9CEB8-8B4A-11D0-8D11-00A0C91BC942}") = "ResourceLibrary", "..\Netrix2.0\Glyphs\ResourceLibrary2010.vcxproj", "{4485FB2D-3AE5-4F7E-A1CB-A334B2EC9D16}"
EndProject
Project("{FAE04EC0-301F-11D3-BF4B-00C04F79EFBC}") = "Core2010.v35.ForDemo", "..\Netrix2.0\Core\Core2010.v35.ForDemo.csproj", "{BFFD7795-5295-428C-8C15-DAF8028DA532}"
EndProject
Project("{FAE04EC0-301F-11D3-BF4B-00C04F79EFBC}") = "NetRix2010.v35.ForDemo", "..\Netrix2.0\NetRixMain\NetRix2010.v35.ForDemo.csproj", "{0D20B7BC-3B10-4849-8CE2-AEB260D6A352}"
EndProject
Project("{FAE04EC0-301F-11D3-BF4B-00C04F79EFBC}") = "NetRixUI2010.v35.ForDemo", "..\Netrix2.0\NetRixUI\NetRixUI2010.v35.ForDemo.csproj", "{A66482E3-DB0F-4F53-884E-B538595DFBD8}"
EndProject
Project("{FAE04EC0-301F-11D3-BF4B-00C04F79EFBC}") = "HelpLine2010.v35.ForDemo", "..\Netrix2.0\PlugIns\HelpLine\HelpLine2010.v35.ForDemo.csproj", "{E53F5EC3-5464-4CD7-BE38-67E79C09B470}"
EndProject
Project("{FAE04EC0-301F-11D3-BF4B-00C04F79EFBC}") = "HtmlFormatter2010.v35.ForDemo", "..\Netrix2.0\PlugIns\HtmlFormatter\HtmlFormatter2010.v35.ForDemo.csproj", "{72CE54FB-A6F7-4DA4-8506-E106EAF48076}"
EndProject
Project("{FAE04EC0-301F-11D3-BF4B-00C04F79EFBC}") = "SpellChecker2010.v35.ForDemo", "..\Netrix2.0\PlugIns\SpellChecker\SpellChecker2010.v35.ForDemo.csproj", "{83186904-7AB3-483C-B602-83471C38BFA7}"
EndProject
Project("{FAE04EC0-301F-11D3-BF4B-00C04F79EFBC}") = "TableDesigner2010.v35.ForDemo", "..\Netrix2.0\PlugIns\TableDesigner\TableDesigner2010.v35.ForDemo.csproj", "{5BFD19C7-3850-4714-9D77-74DDC561ABA4}"
EndProject
Project("{FAE04EC0-301F-11D3-BF4B-00C04F79EFBC}") = "MiniDemo", "WindowsFormsApplication1\MiniDemo.csproj", "{E0849A2C-01B7-4F38-A9E3-ECB418545280}"
EndProject
Global
	GlobalSection(SolutionConfigurationPlatforms) = preSolution
		Debug|Any CPU = Debug|Any CPU
		Debug|Mixed Platforms = Debug|Mixed Platforms
		Debug|Win32 = Debug|Win32
		Debug|x64 = Debug|x64
		Debug|x86 = Debug|x86
		DebugDemoForm|Any CPU = DebugDemoForm|Any CPU
		DebugDemoForm|Mixed Platforms = DebugDemoForm|Mixed Platforms
		DebugDemoForm|Win32 = DebugDemoForm|Win32
		DebugDemoForm|x64 = DebugDemoForm|x64
		DebugDemoForm|x86 = DebugDemoForm|x86
		DeployIsolated_HtmlFormatter_Debug|Any CPU = DeployIsolated_HtmlFormatter_Debug|Any CPU
		DeployIsolated_HtmlFormatter_Debug|Mixed Platforms = DeployIsolated_HtmlFormatter_Debug|Mixed Platforms
		DeployIsolated_HtmlFormatter_Debug|Win32 = DeployIsolated_HtmlFormatter_Debug|Win32
		DeployIsolated_HtmlFormatter_Debug|x64 = DeployIsolated_HtmlFormatter_Debug|x64
		DeployIsolated_HtmlFormatter_Debug|x86 = DeployIsolated_HtmlFormatter_Debug|x86
		Release|Any CPU = Release|Any CPU
		Release|Mixed Platforms = Release|Mixed Platforms
		Release|Win32 = Release|Win32
		Release|x64 = Release|x64
		Release|x86 = Release|x86
	EndGlobalSection
	GlobalSection(ProjectConfigurationPlatforms) = postSolution
		{4485FB2D-3AE5-4F7E-A1CB-A334B2EC9D16}.Debug|Any CPU.ActiveCfg = Debug|x64
		{4485FB2D-3AE5-4F7E-A1CB-A334B2EC9D16}.Debug|Mixed Platforms.ActiveCfg = Debug|x64
		{4485FB2D-3AE5-4F7E-A1CB-A334B2EC9D16}.Debug|Win32.ActiveCfg = Debug|Win32
		{4485FB2D-3AE5-4F7E-A1CB-A334B2EC9D16}.Debug|Win32.Build.0 = Debug|Win32
		{4485FB2D-3AE5-4F7E-A1CB-A334B2EC9D16}.Debug|x64.ActiveCfg = Debug|x64
		{4485FB2D-3AE5-4F7E-A1CB-A334B2EC9D16}.Debug|x64.Build.0 = Debug|x64
		{4485FB2D-3AE5-4F7E-A1CB-A334B2EC9D16}.Debug|x86.ActiveCfg = Debug|x64
		{4485FB2D-3AE5-4F7E-A1CB-A334B2EC9D16}.DebugDemoForm|Any CPU.ActiveCfg = Debug|x64
		{4485FB2D-3AE5-4F7E-A1CB-A334B2EC9D16}.DebugDemoForm|Mixed Platforms.ActiveCfg = Debug|x64
		{4485FB2D-3AE5-4F7E-A1CB-A334B2EC9D16}.DebugDemoForm|Mixed Platforms.Build.0 = Debug|x64
		{4485FB2D-3AE5-4F7E-A1CB-A334B2EC9D16}.DebugDemoForm|Win32.ActiveCfg = Debug|x64
		{4485FB2D-3AE5-4F7E-A1CB-A334B2EC9D16}.DebugDemoForm|x64.ActiveCfg = Debug|x64
		{4485FB2D-3AE5-4F7E-A1CB-A334B2EC9D16}.DebugDemoForm|x64.Build.0 = Debug|x64
		{4485FB2D-3AE5-4F7E-A1CB-A334B2EC9D16}.DebugDemoForm|x86.ActiveCfg = Debug|x64
		{4485FB2D-3AE5-4F7E-A1CB-A334B2EC9D16}.DeployIsolated_HtmlFormatter_Debug|Any CPU.ActiveCfg = Debug|x64
		{4485FB2D-3AE5-4F7E-A1CB-A334B2EC9D16}.DeployIsolated_HtmlFormatter_Debug|Mixed Platforms.ActiveCfg = Debug|x64
		{4485FB2D-3AE5-4F7E-A1CB-A334B2EC9D16}.DeployIsolated_HtmlFormatter_Debug|Mixed Platforms.Build.0 = Debug|x64
		{4485FB2D-3AE5-4F7E-A1CB-A334B2EC9D16}.DeployIsolated_HtmlFormatter_Debug|Win32.ActiveCfg = Debug|Win32
		{4485FB2D-3AE5-4F7E-A1CB-A334B2EC9D16}.DeployIsolated_HtmlFormatter_Debug|Win32.Build.0 = Debug|Win32
		{4485FB2D-3AE5-4F7E-A1CB-A334B2EC9D16}.DeployIsolated_HtmlFormatter_Debug|x64.ActiveCfg = Debug|x64
		{4485FB2D-3AE5-4F7E-A1CB-A334B2EC9D16}.DeployIsolated_HtmlFormatter_Debug|x64.Build.0 = Debug|x64
		{4485FB2D-3AE5-4F7E-A1CB-A334B2EC9D16}.DeployIsolated_HtmlFormatter_Debug|x86.ActiveCfg = Debug|x64
		{4485FB2D-3AE5-4F7E-A1CB-A334B2EC9D16}.Release|Any CPU.ActiveCfg = Release|x64
		{4485FB2D-3AE5-4F7E-A1CB-A334B2EC9D16}.Release|Mixed Platforms.ActiveCfg = Release|Win32
		{4485FB2D-3AE5-4F7E-A1CB-A334B2EC9D16}.Release|Win32.ActiveCfg = Release|Win32
		{4485FB2D-3AE5-4F7E-A1CB-A334B2EC9D16}.Release|Win32.Build.0 = Release|Win32
		{4485FB2D-3AE5-4F7E-A1CB-A334B2EC9D16}.Release|x64.ActiveCfg = Release|x64
		{4485FB2D-3AE5-4F7E-A1CB-A334B2EC9D16}.Release|x64.Build.0 = Release|x64
		{4485FB2D-3AE5-4F7E-A1CB-A334B2EC9D16}.Release|x86.ActiveCfg = Release|Win32
		{BFFD7795-5295-428C-8C15-DAF8028DA532}.Debug|Any CPU.ActiveCfg = Debug|Any CPU
		{BFFD7795-5295-428C-8C15-DAF8028DA532}.Debug|Any CPU.Build.0 = Debug|Any CPU
		{BFFD7795-5295-428C-8C15-DAF8028DA532}.Debug|Mixed Platforms.ActiveCfg = Debug|Any CPU
		{BFFD7795-5295-428C-8C15-DAF8028DA532}.Debug|Mixed Platforms.Build.0 = Debug|Any CPU
		{BFFD7795-5295-428C-8C15-DAF8028DA532}.Debug|Win32.ActiveCfg = Debug|Any CPU
		{BFFD7795-5295-428C-8C15-DAF8028DA532}.Debug|x64.ActiveCfg = Debug|Any CPU
		{BFFD7795-5295-428C-8C15-DAF8028DA532}.Debug|x86.ActiveCfg = Debug|Any CPU
		{BFFD7795-5295-428C-8C15-DAF8028DA532}.DebugDemoForm|Any CPU.ActiveCfg = DebugDemoForm|Any CPU
		{BFFD7795-5295-428C-8C15-DAF8028DA532}.DebugDemoForm|Any CPU.Build.0 = DebugDemoForm|Any CPU
		{BFFD7795-5295-428C-8C15-DAF8028DA532}.DebugDemoForm|Mixed Platforms.ActiveCfg = DebugDemoForm|Any CPU
		{BFFD7795-5295-428C-8C15-DAF8028DA532}.DebugDemoForm|Mixed Platforms.Build.0 = DebugDemoForm|Any CPU
		{BFFD7795-5295-428C-8C15-DAF8028DA532}.DebugDemoForm|Win32.ActiveCfg = DebugDemoForm|Any CPU
		{BFFD7795-5295-428C-8C15-DAF8028DA532}.DebugDemoForm|x64.ActiveCfg = DebugDemoForm|Any CPU
		{BFFD7795-5295-428C-8C15-DAF8028DA532}.DebugDemoForm|x86.ActiveCfg = DebugDemoForm|Any CPU
		{BFFD7795-5295-428C-8C15-DAF8028DA532}.DeployIsolated_HtmlFormatter_Debug|Any CPU.ActiveCfg = DeployIsolated_HtmlFormatter_Debug|Any CPU
		{BFFD7795-5295-428C-8C15-DAF8028DA532}.DeployIsolated_HtmlFormatter_Debug|Any CPU.Build.0 = DeployIsolated_HtmlFormatter_Debug|Any CPU
		{BFFD7795-5295-428C-8C15-DAF8028DA532}.DeployIsolated_HtmlFormatter_Debug|Mixed Platforms.ActiveCfg = DeployIsolated_HtmlFormatter_Debug|Any CPU
		{BFFD7795-5295-428C-8C15-DAF8028DA532}.DeployIsolated_HtmlFormatter_Debug|Mixed Platforms.Build.0 = DeployIsolated_HtmlFormatter_Debug|Any CPU
		{BFFD7795-5295-428C-8C15-DAF8028DA532}.DeployIsolated_HtmlFormatter_Debug|Win32.ActiveCfg = DeployIsolated_HtmlFormatter_Debug|Any CPU
		{BFFD7795-5295-428C-8C15-DAF8028DA532}.DeployIsolated_HtmlFormatter_Debug|x64.ActiveCfg = DeployIsolated_HtmlFormatter_Debug|Any CPU
		{BFFD7795-5295-428C-8C15-DAF8028DA532}.DeployIsolated_HtmlFormatter_Debug|x86.ActiveCfg = DeployIsolated_HtmlFormatter_Debug|Any CPU
		{BFFD7795-5295-428C-8C15-DAF8028DA532}.Release|Any CPU.ActiveCfg = Release|Any CPU
		{BFFD7795-5295-428C-8C15-DAF8028DA532}.Release|Any CPU.Build.0 = Release|Any CPU
		{BFFD7795-5295-428C-8C15-DAF8028DA532}.Release|Mixed Platforms.ActiveCfg = Release|Any CPU
		{BFFD7795-5295-428C-8C15-DAF8028DA532}.Release|Mixed Platforms.Build.0 = Release|Any CPU
		{BFFD7795-5295-428C-8C15-DAF8028DA532}.Release|Win32.ActiveCfg = Release|Any CPU
		{BFFD7795-5295-428C-8C15-DAF8028DA532}.Release|x64.ActiveCfg = Release|Any CPU
		{BFFD7795-5295-428C-8C15-DAF8028DA532}.Release|x86.ActiveCfg = Release|Any CPU
		{0D20B7BC-3B10-4849-8CE2-AEB260D6A352}.Debug|Any CPU.ActiveCfg = Debug|Any CPU
		{0D20B7BC-3B10-4849-8CE2-AEB260D6A352}.Debug|Any CPU.Build.0 = Debug|Any CPU
		{0D20B7BC-3B10-4849-8CE2-AEB260D6A352}.Debug|Mixed Platforms.ActiveCfg = Debug|Any CPU
		{0D20B7BC-3B10-4849-8CE2-AEB260D6A352}.Debug|Mixed Platforms.Build.0 = Debug|Any CPU
		{0D20B7BC-3B10-4849-8CE2-AEB260D6A352}.Debug|Win32.ActiveCfg = Debug|Any CPU
		{0D20B7BC-3B10-4849-8CE2-AEB260D6A352}.Debug|x64.ActiveCfg = Debug|Any CPU
		{0D20B7BC-3B10-4849-8CE2-AEB260D6A352}.Debug|x86.ActiveCfg = Debug|Any CPU
		{0D20B7BC-3B10-4849-8CE2-AEB260D6A352}.DebugDemoForm|Any CPU.ActiveCfg = DebugDemoForm|Any CPU
		{0D20B7BC-3B10-4849-8CE2-AEB260D6A352}.DebugDemoForm|Any CPU.Build.0 = DebugDemoForm|Any CPU
		{0D20B7BC-3B10-4849-8CE2-AEB260D6A352}.DebugDemoForm|Mixed Platforms.ActiveCfg = DebugDemoForm|Any CPU
		{0D20B7BC-3B10-4849-8CE2-AEB260D6A352}.DebugDemoForm|Mixed Platforms.Build.0 = DebugDemoForm|Any CPU
		{0D20B7BC-3B10-4849-8CE2-AEB260D6A352}.DebugDemoForm|Win32.ActiveCfg = DebugDemoForm|Any CPU
		{0D20B7BC-3B10-4849-8CE2-AEB260D6A352}.DebugDemoForm|x64.ActiveCfg = DebugDemoForm|Any CPU
		{0D20B7BC-3B10-4849-8CE2-AEB260D6A352}.DebugDemoForm|x86.ActiveCfg = DebugDemoForm|Any CPU
		{0D20B7BC-3B10-4849-8CE2-AEB260D6A352}.DeployIsolated_HtmlFormatter_Debug|Any CPU.ActiveCfg = DeployIsolated_HtmlFormatter_Debug|Any CPU
		{0D20B7BC-3B10-4849-8CE2-AEB260D6A352}.DeployIsolated_HtmlFormatter_Debug|Any CPU.Build.0 = DeployIsolated_HtmlFormatter_Debug|Any CPU
		{0D20B7BC-3B10-4849-8CE2-AEB260D6A352}.DeployIsolated_HtmlFormatter_Debug|Mixed Platforms.ActiveCfg = DeployIsolated_HtmlFormatter_Debug|Any CPU
		{0D20B7BC-3B10-4849-8CE2-AEB260D6A352}.DeployIsolated_HtmlFormatter_Debug|Mixed Platforms.Build.0 = DeployIsolated_HtmlFormatter_Debug|Any CPU
		{0D20B7BC-3B10-4849-8CE2-AEB260D6A352}.DeployIsolated_HtmlFormatter_Debug|Win32.ActiveCfg = DeployIsolated_HtmlFormatter_Debug|Any CPU
		{0D20B7BC-3B10-4849-8CE2-AEB260D6A352}.DeployIsolated_HtmlFormatter_Debug|x64.ActiveCfg = DeployIsolated_HtmlFormatter_Debug|Any CPU
		{0D20B7BC-3B10-4849-8CE2-AEB260D6A352}.DeployIsolated_HtmlFormatter_Debug|x86.ActiveCfg = DeployIsolated_HtmlFormatter_Debug|Any CPU
		{0D20B7BC-3B10-4849-8CE2-AEB260D6A352}.Release|Any CPU.ActiveCfg = Release|Any CPU
		{0D20B7BC-3B10-4849-8CE2-AEB260D6A352}.Release|Any CPU.Build.0 = Release|Any CPU
		{0D20B7BC-3B10-4849-8CE2-AEB260D6A352}.Release|Mixed Platforms.ActiveCfg = Release|Any CPU
		{0D20B7BC-3B10-4849-8CE2-AEB260D6A352}.Release|Mixed Platforms.Build.0 = Release|Any CPU
		{0D20B7BC-3B10-4849-8CE2-AEB260D6A352}.Release|Win32.ActiveCfg = Release|Any CPU
		{0D20B7BC-3B10-4849-8CE2-AEB260D6A352}.Release|x64.ActiveCfg = Release|Any CPU
		{0D20B7BC-3B10-4849-8CE2-AEB260D6A352}.Release|x86.ActiveCfg = Release|Any CPU
		{A66482E3-DB0F-4F53-884E-B538595DFBD8}.Debug|Any CPU.ActiveCfg = Debug|Any CPU
		{A66482E3-DB0F-4F53-884E-B538595DFBD8}.Debug|Any CPU.Build.0 = Debug|Any CPU
		{A66482E3-DB0F-4F53-884E-B538595DFBD8}.Debug|Mixed Platforms.ActiveCfg = Debug|Any CPU
		{A66482E3-DB0F-4F53-884E-B538595DFBD8}.Debug|Mixed Platforms.Build.0 = Debug|Any CPU
		{A66482E3-DB0F-4F53-884E-B538595DFBD8}.Debug|Win32.ActiveCfg = Debug|Any CPU
		{A66482E3-DB0F-4F53-884E-B538595DFBD8}.Debug|x64.ActiveCfg = Debug|Any CPU
		{A66482E3-DB0F-4F53-884E-B538595DFBD8}.Debug|x86.ActiveCfg = Debug|Any CPU
		{A66482E3-DB0F-4F53-884E-B538595DFBD8}.DebugDemoForm|Any CPU.ActiveCfg = DebugDemoForm|Any CPU
		{A66482E3-DB0F-4F53-884E-B538595DFBD8}.DebugDemoForm|Any CPU.Build.0 = DebugDemoForm|Any CPU
		{A66482E3-DB0F-4F53-884E-B538595DFBD8}.DebugDemoForm|Mixed Platforms.ActiveCfg = DebugDemoForm|Any CPU
		{A66482E3-DB0F-4F53-884E-B538595DFBD8}.DebugDemoForm|Mixed Platforms.Build.0 = DebugDemoForm|Any CPU
		{A66482E3-DB0F-4F53-884E-B538595DFBD8}.DebugDemoForm|Win32.ActiveCfg = DebugDemoForm|Any CPU
		{A66482E3-DB0F-4F53-884E-B538595DFBD8}.DebugDemoForm|x64.ActiveCfg = DebugDemoForm|Any CPU
		{A66482E3-DB0F-4F53-884E-B538595DFBD8}.DebugDemoForm|x86.ActiveCfg = DebugDemoForm|Any CPU
		{A66482E3-DB0F-4F53-884E-B538595DFBD8}.DeployIsolated_HtmlFormatter_Debug|Any CPU.ActiveCfg = DeployIsolated_HtmlFormatter_Debug|Any CPU
		{A66482E3-DB0F-4F53-884E-B538595DFBD8}.DeployIsolated_HtmlFormatter_Debug|Any CPU.Build.0 = DeployIsolated_HtmlFormatter_Debug|Any CPU
		{A66482E3-DB0F-4F53-884E-B538595DFBD8}.DeployIsolated_HtmlFormatter_Debug|Mixed Platforms.ActiveCfg = DeployIsolated_HtmlFormatter_Debug|Any CPU
		{A66482E3-DB0F-4F53-884E-B538595DFBD8}.DeployIsolated_HtmlFormatter_Debug|Mixed Platforms.Build.0 = DeployIsolated_HtmlFormatter_Debug|Any CPU
		{A66482E3-DB0F-4F53-884E-B538595DFBD8}.DeployIsolated_HtmlFormatter_Debug|Win32.ActiveCfg = DeployIsolated_HtmlFormatter_Debug|Any CPU
		{A66482E3-DB0F-4F53-884E-B538595DFBD8}.DeployIsolated_HtmlFormatter_Debug|x64.ActiveCfg = DeployIsolated_HtmlFormatter_Debug|Any CPU
		{A66482E3-DB0F-4F53-884E-B538595DFBD8}.DeployIsolated_HtmlFormatter_Debug|x86.ActiveCfg = DeployIsolated_HtmlFormatter_Debug|Any CPU
		{A66482E3-DB0F-4F53-884E-B538595DFBD8}.Release|Any CPU.ActiveCfg = Release|Any CPU
		{A66482E3-DB0F-4F53-884E-B538595DFBD8}.Release|Any CPU.Build.0 = Release|Any CPU
		{A66482E3-DB0F-4F53-884E-B538595DFBD8}.Release|Mixed Platforms.ActiveCfg = Release|Any CPU
		{A66482E3-DB0F-4F53-884E-B538595DFBD8}.Release|Mixed Platforms.Build.0 = Release|Any CPU
		{A66482E3-DB0F-4F53-884E-B538595DFBD8}.Release|Win32.ActiveCfg = Release|Any CPU
		{A66482E3-DB0F-4F53-884E-B538595DFBD8}.Release|x64.ActiveCfg = Release|Any CPU
		{A66482E3-DB0F-4F53-884E-B538595DFBD8}.Release|x86.ActiveCfg = Release|Any CPU
		{E53F5EC3-5464-4CD7-BE38-67E79C09B470}.Debug|Any CPU.ActiveCfg = Debug|Any CPU
		{E53F5EC3-5464-4CD7-BE38-67E79C09B470}.Debug|Any CPU.Build.0 = Debug|Any CPU
		{E53F5EC3-5464-4CD7-BE38-67E79C09B470}.Debug|Mixed Platforms.ActiveCfg = Debug|Any CPU
		{E53F5EC3-5464-4CD7-BE38-67E79C09B470}.Debug|Mixed Platforms.Build.0 = Debug|Any CPU
		{E53F5EC3-5464-4CD7-BE38-67E79C09B470}.Debug|Win32.ActiveCfg = Debug|Any CPU
		{E53F5EC3-5464-4CD7-BE38-67E79C09B470}.Debug|x64.ActiveCfg = Debug|Any CPU
		{E53F5EC3-5464-4CD7-BE38-67E79C09B470}.Debug|x86.ActiveCfg = Debug|Any CPU
		{E53F5EC3-5464-4CD7-BE38-67E79C09B470}.DebugDemoForm|Any CPU.ActiveCfg = DebugDemoForm|Any CPU
		{E53F5EC3-5464-4CD7-BE38-67E79C09B470}.DebugDemoForm|Any CPU.Build.0 = DebugDemoForm|Any CPU
		{E53F5EC3-5464-4CD7-BE38-67E79C09B470}.DebugDemoForm|Mixed Platforms.ActiveCfg = DebugDemoForm|Any CPU
		{E53F5EC3-5464-4CD7-BE38-67E79C09B470}.DebugDemoForm|Mixed Platforms.Build.0 = DebugDemoForm|Any CPU
		{E53F5EC3-5464-4CD7-BE38-67E79C09B470}.DebugDemoForm|Win32.ActiveCfg = DebugDemoForm|Any CPU
		{E53F5EC3-5464-4CD7-BE38-67E79C09B470}.DebugDemoForm|x64.ActiveCfg = DebugDemoForm|Any CPU
		{E53F5EC3-5464-4CD7-BE38-67E79C09B470}.DebugDemoForm|x86.ActiveCfg = DebugDemoForm|Any CPU
		{E53F5EC3-5464-4CD7-BE38-67E79C09B470}.DeployIsolated_HtmlFormatter_Debug|Any CPU.ActiveCfg = DeployIsolated_HtmlFormatter_Debug|Any CPU
		{E53F5EC3-5464-4CD7-BE38-67E79C09B470}.DeployIsolated_HtmlFormatter_Debug|Any CPU.Build.0 = DeployIsolated_HtmlFormatter_Debug|Any CPU
		{E53F5EC3-5464-4CD7-BE38-67E79C09B470}.DeployIsolated_HtmlFormatter_Debug|Mixed Platforms.ActiveCfg = DeployIsolated_HtmlFormatter_Debug|Any CPU
		{E53F5EC3-5464-4CD7-BE38-67E79C09B470}.DeployIsolated_HtmlFormatter_Debug|Mixed Platforms.Build.0 = DeployIsolated_HtmlFormatter_Debug|Any CPU
		{E53F5EC3-5464-4CD7-BE38-67E79C09B470}.DeployIsolated_HtmlFormatter_Debug|Win32.ActiveCfg = DeployIsolated_HtmlFormatter_Debug|Any CPU
		{E53F5EC3-5464-4CD7-BE38-67E79C09B470}.DeployIsolated_HtmlFormatter_Debug|x64.ActiveCfg = DeployIsolated_HtmlFormatter_Debug|Any CPU
		{E53F5EC3-5464-4CD7-BE38-67E79C09B470}.DeployIsolated_HtmlFormatter_Debug|x86.ActiveCfg = DeployIsolated_HtmlFormatter_Debug|Any CPU
		{E53F5EC3-5464-4CD7-BE38-67E79C09B470}.Release|Any CPU.ActiveCfg = Release|Any CPU
		{E53F5EC3-5464-4CD7-BE38-67E79C09B470}.Release|Any CPU.Build.0 = Release|Any CPU
		{E53F5EC3-5464-4CD7-BE38-67E79C09B470}.Release|Mixed Platforms.ActiveCfg = Release|Any CPU
		{E53F5EC3-5464-4CD7-BE38-67E79C09B470}.Release|Mixed Platforms.Build.0 = Release|Any CPU
		{E53F5EC3-5464-4CD7-BE38-67E79C09B470}.Release|Win32.ActiveCfg = Release|Any CPU
		{E53F5EC3-5464-4CD7-BE38-67E79C09B470}.Release|x64.ActiveCfg = Release|Any CPU
		{E53F5EC3-5464-4CD7-BE38-67E79C09B470}.Release|x86.ActiveCfg = Release|Any CPU
		{72CE54FB-A6F7-4DA4-8506-E106EAF48076}.Debug|Any CPU.ActiveCfg = Debug|Any CPU
		{72CE54FB-A6F7-4DA4-8506-E106EAF48076}.Debug|Any CPU.Build.0 = Debug|Any CPU
		{72CE54FB-A6F7-4DA4-8506-E106EAF48076}.Debug|Mixed Platforms.ActiveCfg = Debug|Any CPU
		{72CE54FB-A6F7-4DA4-8506-E106EAF48076}.Debug|Mixed Platforms.Build.0 = Debug|Any CPU
		{72CE54FB-A6F7-4DA4-8506-E106EAF48076}.Debug|Win32.ActiveCfg = Debug|Any CPU
		{72CE54FB-A6F7-4DA4-8506-E106EAF48076}.Debug|x64.ActiveCfg = Debug|Any CPU
		{72CE54FB-A6F7-4DA4-8506-E106EAF48076}.Debug|x86.ActiveCfg = Debug|Any CPU
		{72CE54FB-A6F7-4DA4-8506-E106EAF48076}.DebugDemoForm|Any CPU.ActiveCfg = DebugDemoForm|Any CPU
		{72CE54FB-A6F7-4DA4-8506-E106EAF48076}.DebugDemoForm|Any CPU.Build.0 = DebugDemoForm|Any CPU
		{72CE54FB-A6F7-4DA4-8506-E106EAF48076}.DebugDemoForm|Mixed Platforms.ActiveCfg = DebugDemoForm|Any CPU
		{72CE54FB-A6F7-4DA4-8506-E106EAF48076}.DebugDemoForm|Mixed Platforms.Build.0 = DebugDemoForm|Any CPU
		{72CE54FB-A6F7-4DA4-8506-E106EAF48076}.DebugDemoForm|Win32.ActiveCfg = DebugDemoForm|Any CPU
		{72CE54FB-A6F7-4DA4-8506-E106EAF48076}.DebugDemoForm|x64.ActiveCfg = DebugDemoForm|Any CPU
		{72CE54FB-A6F7-4DA4-8506-E106EAF48076}.DebugDemoForm|x86.ActiveCfg = DebugDemoForm|Any CPU
		{72CE54FB-A6F7-4DA4-8506-E106EAF48076}.DeployIsolated_HtmlFormatter_Debug|Any CPU.ActiveCfg = DeployIsolated_HtmlFormatter_Debug|Any CPU
		{72CE54FB-A6F7-4DA4-8506-E106EAF48076}.DeployIsolated_HtmlFormatter_Debug|Any CPU.Build.0 = DeployIsolated_HtmlFormatter_Debug|Any CPU
		{72CE54FB-A6F7-4DA4-8506-E106EAF48076}.DeployIsolated_HtmlFormatter_Debug|Mixed Platforms.ActiveCfg = DeployIsolated_HtmlFormatter_Debug|Any CPU
		{72CE54FB-A6F7-4DA4-8506-E106EAF48076}.DeployIsolated_HtmlFormatter_Debug|Mixed Platforms.Build.0 = DeployIsolated_HtmlFormatter_Debug|Any CPU
		{72CE54FB-A6F7-4DA4-8506-E106EAF48076}.DeployIsolated_HtmlFormatter_Debug|Win32.ActiveCfg = DeployIsolated_HtmlFormatter_Debug|Any CPU
		{72CE54FB-A6F7-4DA4-8506-E106EAF48076}.DeployIsolated_HtmlFormatter_Debug|x64.ActiveCfg = DeployIsolated_HtmlFormatter_Debug|Any CPU
		{72CE54FB-A6F7-4DA4-8506-E106EAF48076}.DeployIsolated_HtmlFormatter_Debug|x86.ActiveCfg = DeployIsolated_HtmlFormatter_Debug|Any CPU
		{72CE54FB-A6F7-4DA4-8506-E106EAF48076}.Release|Any CPU.ActiveCfg = Release|Any CPU
		{72CE54FB-A6F7-4DA4-8506-E106EAF48076}.Release|Any CPU.Build.0 = Release|Any CPU
		{72CE54FB-A6F7-4DA4-8506-E106EAF48076}.Release|Mixed Platforms.ActiveCfg = Release|Any CPU
		{72CE54FB-A6F7-4DA4-8506-E106EAF48076}.Release|Mixed Platforms.Build.0 = Release|Any CPU
		{72CE54FB-A6F7-4DA4-8506-E106EAF48076}.Release|Win32.ActiveCfg = Release|Any CPU
		{72CE54FB-A6F7-4DA4-8506-E106EAF48076}.Release|x64.ActiveCfg = Release|Any CPU
		{72CE54FB-A6F7-4DA4-8506-E106EAF48076}.Release|x86.ActiveCfg = Release|Any CPU
		{83186904-7AB3-483C-B602-83471C38BFA7}.Debug|Any CPU.ActiveCfg = Debug|Any CPU
		{83186904-7AB3-483C-B602-83471C38BFA7}.Debug|Any CPU.Build.0 = Debug|Any CPU
		{83186904-7AB3-483C-B602-83471C38BFA7}.Debug|Mixed Platforms.ActiveCfg = Debug|Any CPU
		{83186904-7AB3-483C-B602-83471C38BFA7}.Debug|Mixed Platforms.Build.0 = Debug|Any CPU
		{83186904-7AB3-483C-B602-83471C38BFA7}.Debug|Win32.ActiveCfg = Debug|Any CPU
		{83186904-7AB3-483C-B602-83471C38BFA7}.Debug|x64.ActiveCfg = Debug|Any CPU
		{83186904-7AB3-483C-B602-83471C38BFA7}.Debug|x86.ActiveCfg = Debug|Any CPU
		{83186904-7AB3-483C-B602-83471C38BFA7}.DebugDemoForm|Any CPU.ActiveCfg = DebugDemoForm|Any CPU
		{83186904-7AB3-483C-B602-83471C38BFA7}.DebugDemoForm|Any CPU.Build.0 = DebugDemoForm|Any CPU
		{83186904-7AB3-483C-B602-83471C38BFA7}.DebugDemoForm|Mixed Platforms.ActiveCfg = DebugDemoForm|Any CPU
		{83186904-7AB3-483C-B602-83471C38BFA7}.DebugDemoForm|Mixed Platforms.Build.0 = DebugDemoForm|Any CPU
		{83186904-7AB3-483C-B602-83471C38BFA7}.DebugDemoForm|Win32.ActiveCfg = DebugDemoForm|Any CPU
		{83186904-7AB3-483C-B602-83471C38BFA7}.DebugDemoForm|x64.ActiveCfg = DebugDemoForm|Any CPU
		{83186904-7AB3-483C-B602-83471C38BFA7}.DebugDemoForm|x86.ActiveCfg = DebugDemoForm|Any CPU
		{83186904-7AB3-483C-B602-83471C38BFA7}.DeployIsolated_HtmlFormatter_Debug|Any CPU.ActiveCfg = DeployIsolated_HtmlFormatter_Debug|Any CPU
		{83186904-7AB3-483C-B602-83471C38BFA7}.DeployIsolated_HtmlFormatter_Debug|Any CPU.Build.0 = DeployIsolated_HtmlFormatter_Debug|Any CPU
		{83186904-7AB3-483C-B602-83471C38BFA7}.DeployIsolated_HtmlFormatter_Debug|Mixed Platforms.ActiveCfg = DeployIsolated_HtmlFormatter_Debug|Any CPU
		{83186904-7AB3-483C-B602-83471C38BFA7}.DeployIsolated_HtmlFormatter_Debug|Mixed Platforms.Build.0 = DeployIsolated_HtmlFormatter_Debug|Any CPU
		{83186904-7AB3-483C-B602-83471C38BFA7}.DeployIsolated_HtmlFormatter_Debug|Win32.ActiveCfg = DeployIsolated_HtmlFormatter_Debug|Any CPU
		{83186904-7AB3-483C-B602-83471C38BFA7}.DeployIsolated_HtmlFormatter_Debug|x64.ActiveCfg = DeployIsolated_HtmlFormatter_Debug|Any CPU
		{83186904-7AB3-483C-B602-83471C38BFA7}.DeployIsolated_HtmlFormatter_Debug|x86.ActiveCfg = DeployIsolated_HtmlFormatter_Debug|Any CPU
		{83186904-7AB3-483C-B602-83471C38BFA7}.Release|Any CPU.ActiveCfg = Release|Any CPU
		{83186904-7AB3-483C-B602-83471C38BFA7}.Release|Any CPU.Build.0 = Release|Any CPU
		{83186904-7AB3-483C-B602-83471C38BFA7}.Release|Mixed Platforms.ActiveCfg = Release|Any CPU
		{83186904-7AB3-483C-B602-83471C38BFA7}.Release|Mixed Platforms.Build.0 = Release|Any CPU
		{83186904-7AB3-483C-B602-83471C38BFA7}.Release|Win32.ActiveCfg = Release|Any CPU
		{83186904-7AB3-483C-B602-83471C38BFA7}.Release|x64.ActiveCfg = Release|Any CPU
		{83186904-7AB3-483C-B602-83471C38BFA7}.Release|x86.ActiveCfg = Release|Any CPU
		{5BFD19C7-3850-4714-9D77-74DDC561ABA4}.Debug|Any CPU.ActiveCfg = Debug|Any CPU
		{5BFD19C7-3850-4714-9D77-74DDC561ABA4}.Debug|Any CPU.Build.0 = Debug|Any CPU
		{5BFD19C7-3850-4714-9D77-74DDC561ABA4}.Debug|Mixed Platforms.ActiveCfg = Debug|Any CPU
		{5BFD19C7-3850-4714-9D77-74DDC561ABA4}.Debug|Mixed Platforms.Build.0 = Debug|Any CPU
		{5BFD19C7-3850-4714-9D77-74DDC561ABA4}.Debug|Win32.ActiveCfg = Debug|Any CPU
		{5BFD19C7-3850-4714-9D77-74DDC561ABA4}.Debug|x64.ActiveCfg = Debug|Any CPU
		{5BFD19C7-3850-4714-9D77-74DDC561ABA4}.Debug|x86.ActiveCfg = Debug|Any CPU
		{5BFD19C7-3850-4714-9D77-74DDC561ABA4}.DebugDemoForm|Any CPU.ActiveCfg = DebugDemoForm|Any CPU
		{5BFD19C7-3850-4714-9D77-74DDC561ABA4}.DebugDemoForm|Any CPU.Build.0 = DebugDemoForm|Any CPU
		{5BFD19C7-3850-4714-9D77-74DDC561ABA4}.DebugDemoForm|Mixed Platforms.ActiveCfg = DebugDemoForm|Any CPU
		{5BFD19C7-3850-4714-9D77-74DDC561ABA4}.DebugDemoForm|Mixed Platforms.Build.0 = DebugDemoForm|Any CPU
		{5BFD19C7-3850-4714-9D77-74DDC561ABA4}.DebugDemoForm|Win32.ActiveCfg = DebugDemoForm|Any CPU
		{5BFD19C7-3850-4714-9D77-74DDC561ABA4}.DebugDemoForm|x64.ActiveCfg = DebugDemoForm|Any CPU
		{5BFD19C7-3850-4714-9D77-74DDC561ABA4}.DebugDemoForm|x86.ActiveCfg = DebugDemoForm|Any CPU
		{5BFD19C7-3850-4714-9D77-74DDC561ABA4}.DeployIsolated_HtmlFormatter_Debug|Any CPU.ActiveCfg = DeployIsolated_HtmlFormatter_Debug|Any CPU
		{5BFD19C7-3850-4714-9D77-74DDC561ABA4}.DeployIsolated_HtmlFormatter_Debug|Any CPU.Build.0 = DeployIsolated_HtmlFormatter_Debug|Any CPU
		{5BFD19C7-3850-4714-9D77-74DDC561ABA4}.DeployIsolated_HtmlFormatter_Debug|Mixed Platforms.ActiveCfg = DeployIsolated_HtmlFormatter_Debug|Any CPU
		{5BFD19C7-3850-4714-9D77-74DDC561ABA4}.DeployIsolated_HtmlFormatter_Debug|Mixed Platforms.Build.0 = DeployIsolated_HtmlFormatter_Debug|Any CPU
		{5BFD19C7-3850-4714-9D77-74DDC561ABA4}.DeployIsolated_HtmlFormatter_Debug|Win32.ActiveCfg = DeployIsolated_HtmlFormatter_Debug|Any CPU
		{5BFD19C7-3850-4714-9D77-74DDC561ABA4}.DeployIsolated_HtmlFormatter_Debug|x64.ActiveCfg = DeployIsolated_HtmlFormatter_Debug|Any CPU
		{5BFD19C7-3850-4714-9D77-74DDC561ABA4}.DeployIsolated_HtmlFormatter_Debug|x86.ActiveCfg = DeployIsolated_HtmlFormatter_Debug|Any CPU
		{5BFD19C7-3850-4714-9D77-74DDC561ABA4}.Release|Any CPU.ActiveCfg = Release|Any CPU
		{5BFD19C7-3850-4714-9D77-74DDC561ABA4}.Release|Any CPU.Build.0 = Release|Any CPU
		{5BFD19C7-3850-4714-9D77-74DDC561ABA4}.Release|Mixed Platforms.ActiveCfg = Release|Any CPU
		{5BFD19C7-3850-4714-9D77-74DDC561ABA4}.Release|Mixed Platforms.Build.0 = Release|Any CPU
		{5BFD19C7-3850-4714-9D77-74DDC561ABA4}.Release|Win32.ActiveCfg = Release|Any CPU
		{5BFD19C7-3850-4714-9D77-74DDC561ABA4}.Release|x64.ActiveCfg = Release|Any CPU
		{5BFD19C7-3850-4714-9D77-74DDC561ABA4}.Release|x86.ActiveCfg = Release|Any CPU
		{E0849A2C-01B7-4F38-A9E3-ECB418545280}.Debug|Any CPU.ActiveCfg = Debug|x86
		{E0849A2C-01B7-4F38-A9E3-ECB418545280}.Debug|Mixed Platforms.ActiveCfg = Debug|x86
		{E0849A2C-01B7-4F38-A9E3-ECB418545280}.Debug|Mixed Platforms.Build.0 = Debug|x86
		{E0849A2C-01B7-4F38-A9E3-ECB418545280}.Debug|Win32.ActiveCfg = Debug|x86
		{E0849A2C-01B7-4F38-A9E3-ECB418545280}.Debug|x64.ActiveCfg = Debug|x86
		{E0849A2C-01B7-4F38-A9E3-ECB418545280}.Debug|x86.ActiveCfg = Debug|x86
		{E0849A2C-01B7-4F38-A9E3-ECB418545280}.Debug|x86.Build.0 = Debug|x86
		{E0849A2C-01B7-4F38-A9E3-ECB418545280}.DebugDemoForm|Any CPU.ActiveCfg = Debug|x86
		{E0849A2C-01B7-4F38-A9E3-ECB418545280}.DebugDemoForm|Mixed Platforms.ActiveCfg = Debug|x86
		{E0849A2C-01B7-4F38-A9E3-ECB418545280}.DebugDemoForm|Mixed Platforms.Build.0 = Debug|x86
		{E0849A2C-01B7-4F38-A9E3-ECB418545280}.DebugDemoForm|Win32.ActiveCfg = Debug|x86
		{E0849A2C-01B7-4F38-A9E3-ECB418545280}.DebugDemoForm|x64.ActiveCfg = Debug|x86
		{E0849A2C-01B7-4F38-A9E3-ECB418545280}.DebugDemoForm|x86.ActiveCfg = Debug|x86
		{E0849A2C-01B7-4F38-A9E3-ECB418545280}.DebugDemoForm|x86.Build.0 = Debug|x86
		{E0849A2C-01B7-4F38-A9E3-ECB418545280}.DeployIsolated_HtmlFormatter_Debug|Any CPU.ActiveCfg = Debug|x86
		{E0849A2C-01B7-4F38-A9E3-ECB418545280}.DeployIsolated_HtmlFormatter_Debug|Mixed Platforms.ActiveCfg = Debug|x86
		{E0849A2C-01B7-4F38-A9E3-ECB418545280}.DeployIsolated_HtmlFormatter_Debug|Mixed Platforms.Build.0 = Debug|x86
		{E0849A2C-01B7-4F38-A9E3-ECB418545280}.DeployIsolated_HtmlFormatter_Debug|Win32.ActiveCfg = Debug|x86
		{E0849A2C-01B7-4F38-A9E3-ECB418545280}.DeployIsolated_HtmlFormatter_Debug|x64.ActiveCfg = Debug|x86
		{E0849A2C-01B7-4F38-A9E3-ECB418545280}.DeployIsolated_HtmlFormatter_Debug|x86.ActiveCfg = Debug|x86
		{E0849A2C-01B7-4F38-A9E3-ECB418545280}.DeployIsolated_HtmlFormatter_Debug|x86.Build.0 = Debug|x86
		{E0849A2C-01B7-4F38-A9E3-ECB418545280}.Release|Any CPU.ActiveCfg = Release|x86
		{E0849A2C-01B7-4F38-A9E3-ECB418545280}.Release|Mixed Platforms.ActiveCfg = Release|x86
		{E0849A2C-01B7-4F38-A9E3-ECB418545280}.Release|Mixed Platforms.Build.0 = Release|x86
		{E0849A2C-01B7-4F38-A9E3-ECB418545280}.Release|Win32.ActiveCfg = Release|x86
		{E0849A2C-01B7-4F38-A9E3-ECB418545280}.Release|x64.ActiveCfg = Release|x86
		{E0849A2C-01B7-4F38-A9E3-ECB418545280}.Release|x86.ActiveCfg = Release|x86
		{E0849A2C-01B7-4F38-A9E3-ECB418545280}.Release|x86.Build.0 = Release|x86
	EndGlobalSection
	GlobalSection(SolutionProperties) = preSolution
		HideSolutionNode = FALSE
	EndGlobalSection
	GlobalSection(NestedProjects) = preSolution
		{D3701F49-5C3C-46BF-8484-3A46D547A564} = {00D0CD46-7945-4E72-86BB-1B49197A68B3}
		{4485FB2D-3AE5-4F7E-A1CB-A334B2EC9D16} = {00D0CD46-7945-4E72-86BB-1B49197A68B3}
		{BFFD7795-5295-428C-8C15-DAF8028DA532} = {00D0CD46-7945-4E72-86BB-1B49197A68B3}
		{0D20B7BC-3B10-4849-8CE2-AEB260D6A352} = {00D0CD46-7945-4E72-86BB-1B49197A68B3}
		{A66482E3-DB0F-4F53-884E-B538595DFBD8} = {00D0CD46-7945-4E72-86BB-1B49197A68B3}
		{E53F5EC3-5464-4CD7-BE38-67E79C09B470} = {D3701F49-5C3C-46BF-8484-3A46D547A564}
		{72CE54FB-A6F7-4DA4-8506-E106EAF48076} = {D3701F49-5C3C-46BF-8484-3A46D547A564}
		{83186904-7AB3-483C-B602-83471C38BFA7} = {D3701F49-5C3C-46BF-8484-3A46D547A564}
		{5BFD19C7-3850-4714-9D77-74DDC561ABA4} = {D3701F49-5C3C-46BF-8484-3A46D547A564}
	EndGlobalSection
	GlobalSection(SubversionScc) = preSolution
		Svn-Managed = True
		Manager = AnkhSVN - Subversion Support for Visual Studio
	EndGlobalSection
EndGlobal
